// !$*UTF8*$!
{
	archiveVersion = 1;
	classes = {
	};
	objectVersion = 46;
	objects = {

/* Begin PBXBuildFile section */
		36A719351D5B0EFF00DC35F5 /* lwip.framework in Frameworks */ = {isa = PBXBuildFile; fileRef = 36A718F11D5B0A1B00DC35F5 /* lwip.framework */; };
		36A719361D5B0F0300DC35F5 /* lwip.framework in Frameworks */ = {isa = PBXBuildFile; fileRef = 36A718FF1D5B0AC100DC35F5 /* lwip.framework */; };
		36BC58531CEF514200E0E367 /* TSIPStack.swift in Sources */ = {isa = PBXBuildFile; fileRef = 36BC58521CEF514200E0E367 /* TSIPStack.swift */; };
		36C48CA51CF8701A0071804F /* tun2socks-ios.h in Headers */ = {isa = PBXBuildFile; fileRef = 36C48CA41CF8701A0071804F /* tun2socks-ios.h */; settings = {ATTRIBUTES = (Public, ); }; };
		36C48CC11CF8706F0071804F /* TSIPStack.swift in Sources */ = {isa = PBXBuildFile; fileRef = 36BC58521CEF514200E0E367 /* TSIPStack.swift */; };
		36C48CC21CF8706F0071804F /* TSTCPSocket.swift in Sources */ = {isa = PBXBuildFile; fileRef = 36E702791CEEEB57002C2421 /* TSTCPSocket.swift */; };
		36E44A001CF2EA9500185DBF /* tun2socks.h in Headers */ = {isa = PBXBuildFile; fileRef = 3642CA011CEDCC60001E0AAF /* tun2socks.h */; settings = {ATTRIBUTES = (Public, ); }; };
		36E7027A1CEEEB57002C2421 /* TSTCPSocket.swift in Sources */ = {isa = PBXBuildFile; fileRef = 36E702791CEEEB57002C2421 /* TSTCPSocket.swift */; };
		EA2A57C51F69359B00AB1EDD /* lwip.h in Headers */ = {isa = PBXBuildFile; fileRef = EA2A56591F6934D000AB1EDD /* lwip.h */; settings = {ATTRIBUTES = (Public, ); }; };
		EA2A57C61F6935C000AB1EDD /* compat.c in Sources */ = {isa = PBXBuildFile; fileRef = EA2A568E1F6934D000AB1EDD /* compat.c */; };
		EA2A57C71F6935C000AB1EDD /* sys_arch.c in Sources */ = {isa = PBXBuildFile; fileRef = EA2A568F1F6934D000AB1EDD /* sys_arch.c */; };
		EA2A57C81F69361700AB1EDD /* def.c in Sources */ = {isa = PBXBuildFile; fileRef = EA2A56671F6934D000AB1EDD /* def.c */; };
		EA2A57C91F69361700AB1EDD /* dhcp.c in Sources */ = {isa = PBXBuildFile; fileRef = EA2A56681F6934D000AB1EDD /* dhcp.c */; };
		EA2A57CA1F69361700AB1EDD /* dns.c in Sources */ = {isa = PBXBuildFile; fileRef = EA2A56691F6934D000AB1EDD /* dns.c */; };
		EA2A57CB1F69361700AB1EDD /* init.c in Sources */ = {isa = PBXBuildFile; fileRef = EA2A566A1F6934D000AB1EDD /* init.c */; };
		EA2A57CC1F69361700AB1EDD /* autoip.c in Sources */ = {isa = PBXBuildFile; fileRef = EA2A566C1F6934D000AB1EDD /* autoip.c */; };
		EA2A57CD1F69361700AB1EDD /* icmp.c in Sources */ = {isa = PBXBuildFile; fileRef = EA2A566D1F6934D000AB1EDD /* icmp.c */; };
		EA2A57CE1F69361700AB1EDD /* igmp.c in Sources */ = {isa = PBXBuildFile; fileRef = EA2A566E1F6934D000AB1EDD /* igmp.c */; };
		EA2A57CF1F69361700AB1EDD /* inet.c in Sources */ = {isa = PBXBuildFile; fileRef = EA2A566F1F6934D000AB1EDD /* inet.c */; };
		EA2A57D01F69361700AB1EDD /* inet_chksum.c in Sources */ = {isa = PBXBuildFile; fileRef = EA2A56701F6934D000AB1EDD /* inet_chksum.c */; };
		EA2A57D11F69361700AB1EDD /* ip.c in Sources */ = {isa = PBXBuildFile; fileRef = EA2A56711F6934D000AB1EDD /* ip.c */; };
		EA2A57D21F69361700AB1EDD /* ip_addr.c in Sources */ = {isa = PBXBuildFile; fileRef = EA2A56721F6934D000AB1EDD /* ip_addr.c */; };
		EA2A57D31F69361700AB1EDD /* ip_frag.c in Sources */ = {isa = PBXBuildFile; fileRef = EA2A56731F6934D000AB1EDD /* ip_frag.c */; };
		EA2A57D41F69361700AB1EDD /* mem.c in Sources */ = {isa = PBXBuildFile; fileRef = EA2A567A1F6934D000AB1EDD /* mem.c */; };
		EA2A57D51F69361700AB1EDD /* memp.c in Sources */ = {isa = PBXBuildFile; fileRef = EA2A567B1F6934D000AB1EDD /* memp.c */; };
		EA2A57D61F69361700AB1EDD /* netif.c in Sources */ = {isa = PBXBuildFile; fileRef = EA2A567C1F6934D000AB1EDD /* netif.c */; };
		EA2A57D71F69361700AB1EDD /* pbuf.c in Sources */ = {isa = PBXBuildFile; fileRef = EA2A567D1F6934D000AB1EDD /* pbuf.c */; };
		EA2A57D81F69361700AB1EDD /* raw.c in Sources */ = {isa = PBXBuildFile; fileRef = EA2A567E1F6934D000AB1EDD /* raw.c */; };
		EA2A57D91F69361700AB1EDD /* stats.c in Sources */ = {isa = PBXBuildFile; fileRef = EA2A56861F6934D000AB1EDD /* stats.c */; };
		EA2A57DA1F69361700AB1EDD /* sys.c in Sources */ = {isa = PBXBuildFile; fileRef = EA2A56871F6934D000AB1EDD /* sys.c */; };
		EA2A57DB1F69361700AB1EDD /* tcp.c in Sources */ = {isa = PBXBuildFile; fileRef = EA2A56881F6934D000AB1EDD /* tcp.c */; };
		EA2A57DC1F69361700AB1EDD /* tcp_in.c in Sources */ = {isa = PBXBuildFile; fileRef = EA2A56891F6934D000AB1EDD /* tcp_in.c */; };
		EA2A57DD1F69361700AB1EDD /* tcp_out.c in Sources */ = {isa = PBXBuildFile; fileRef = EA2A568A1F6934D000AB1EDD /* tcp_out.c */; };
		EA2A57DE1F69361700AB1EDD /* timers.c in Sources */ = {isa = PBXBuildFile; fileRef = EA2A568B1F6934D000AB1EDD /* timers.c */; };
		EA2A57DF1F69361700AB1EDD /* udp.c in Sources */ = {isa = PBXBuildFile; fileRef = EA2A568C1F6934D000AB1EDD /* udp.c */; };
		EA2A57E01F69362700AB1EDD /* cc.h in Headers */ = {isa = PBXBuildFile; fileRef = EA2A561B1F6934D000AB1EDD /* cc.h */; };
		EA2A57E11F69362700AB1EDD /* perf.h in Headers */ = {isa = PBXBuildFile; fileRef = EA2A561C1F6934D000AB1EDD /* perf.h */; };
		EA2A57E21F69362700AB1EDD /* sys_arch.h in Headers */ = {isa = PBXBuildFile; fileRef = EA2A561D1F6934D000AB1EDD /* sys_arch.h */; };
		EA2A57E61F6936A200AB1EDD /* compat.h in Headers */ = {isa = PBXBuildFile; fileRef = EA2A56161F6934D000AB1EDD /* compat.h */; };
		EA2A57E71F6936A200AB1EDD /* autoip.h in Headers */ = {isa = PBXBuildFile; fileRef = EA2A56221F6934D000AB1EDD /* autoip.h */; };
		EA2A57E81F6936A200AB1EDD /* icmp.h in Headers */ = {isa = PBXBuildFile; fileRef = EA2A56231F6934D000AB1EDD /* icmp.h */; };
		EA2A57E91F6936A200AB1EDD /* igmp.h in Headers */ = {isa = PBXBuildFile; fileRef = EA2A56241F6934D000AB1EDD /* igmp.h */; };
		EA2A57EA1F6936A200AB1EDD /* inet.h in Headers */ = {isa = PBXBuildFile; fileRef = EA2A56251F6934D000AB1EDD /* inet.h */; };
		EA2A57EB1F6936A200AB1EDD /* inet_chksum.h in Headers */ = {isa = PBXBuildFile; fileRef = EA2A56261F6934D000AB1EDD /* inet_chksum.h */; };
		EA2A57EC1F6936A200AB1EDD /* ip.h in Headers */ = {isa = PBXBuildFile; fileRef = EA2A56271F6934D000AB1EDD /* ip.h */; };
		EA2A57ED1F6936A200AB1EDD /* ip_addr.h in Headers */ = {isa = PBXBuildFile; fileRef = EA2A56281F6934D000AB1EDD /* ip_addr.h */; };
		EA2A57EE1F6936A200AB1EDD /* ip_frag.h in Headers */ = {isa = PBXBuildFile; fileRef = EA2A56291F6934D000AB1EDD /* ip_frag.h */; };
		EA2A57EF1F6936A200AB1EDD /* api.h in Headers */ = {isa = PBXBuildFile; fileRef = EA2A56311F6934D000AB1EDD /* api.h */; };
		EA2A57F01F6936A200AB1EDD /* api_msg.h in Headers */ = {isa = PBXBuildFile; fileRef = EA2A56321F6934D000AB1EDD /* api_msg.h */; };
		EA2A57F11F6936A200AB1EDD /* arch.h in Headers */ = {isa = PBXBuildFile; fileRef = EA2A56331F6934D000AB1EDD /* arch.h */; };
		EA2A57F21F6936A200AB1EDD /* debug.h in Headers */ = {isa = PBXBuildFile; fileRef = EA2A56341F6934D000AB1EDD /* debug.h */; };
		EA2A57F31F6936A200AB1EDD /* def.h in Headers */ = {isa = PBXBuildFile; fileRef = EA2A56351F6934D000AB1EDD /* def.h */; };
		EA2A57F41F6936A200AB1EDD /* dhcp.h in Headers */ = {isa = PBXBuildFile; fileRef = EA2A56361F6934D000AB1EDD /* dhcp.h */; };
		EA2A57F51F6936A200AB1EDD /* dns.h in Headers */ = {isa = PBXBuildFile; fileRef = EA2A56371F6934D000AB1EDD /* dns.h */; };
		EA2A57F61F6936A200AB1EDD /* err.h in Headers */ = {isa = PBXBuildFile; fileRef = EA2A56381F6934D000AB1EDD /* err.h */; };
		EA2A57F71F6936A200AB1EDD /* init.h in Headers */ = {isa = PBXBuildFile; fileRef = EA2A56391F6934D000AB1EDD /* init.h */; };
		EA2A57F81F6936A200AB1EDD /* mem.h in Headers */ = {isa = PBXBuildFile; fileRef = EA2A563A1F6934D000AB1EDD /* mem.h */; };
		EA2A57F91F6936A200AB1EDD /* memp.h in Headers */ = {isa = PBXBuildFile; fileRef = EA2A563B1F6934D000AB1EDD /* memp.h */; };
		EA2A57FA1F6936A200AB1EDD /* memp_std.h in Headers */ = {isa = PBXBuildFile; fileRef = EA2A563C1F6934D000AB1EDD /* memp_std.h */; };
		EA2A57FB1F6936A200AB1EDD /* netbuf.h in Headers */ = {isa = PBXBuildFile; fileRef = EA2A563D1F6934D000AB1EDD /* netbuf.h */; };
		EA2A57FC1F6936A200AB1EDD /* netdb.h in Headers */ = {isa = PBXBuildFile; fileRef = EA2A563E1F6934D000AB1EDD /* netdb.h */; };
		EA2A57FD1F6936A200AB1EDD /* netif.h in Headers */ = {isa = PBXBuildFile; fileRef = EA2A563F1F6934D000AB1EDD /* netif.h */; };
		EA2A57FE1F6936A200AB1EDD /* netifapi.h in Headers */ = {isa = PBXBuildFile; fileRef = EA2A56401F6934D000AB1EDD /* netifapi.h */; };
		EA2A57FF1F6936A200AB1EDD /* opt.h in Headers */ = {isa = PBXBuildFile; fileRef = EA2A56411F6934D000AB1EDD /* opt.h */; };
		EA2A58001F6936A200AB1EDD /* pbuf.h in Headers */ = {isa = PBXBuildFile; fileRef = EA2A56421F6934D000AB1EDD /* pbuf.h */; };
		EA2A58011F6936A200AB1EDD /* raw.h in Headers */ = {isa = PBXBuildFile; fileRef = EA2A56431F6934D000AB1EDD /* raw.h */; };
		EA2A58021F6936A200AB1EDD /* sio.h in Headers */ = {isa = PBXBuildFile; fileRef = EA2A56441F6934D000AB1EDD /* sio.h */; };
		EA2A58031F6936A200AB1EDD /* snmp.h in Headers */ = {isa = PBXBuildFile; fileRef = EA2A56451F6934D000AB1EDD /* snmp.h */; };
		EA2A58041F6936A200AB1EDD /* snmp_asn1.h in Headers */ = {isa = PBXBuildFile; fileRef = EA2A56461F6934D000AB1EDD /* snmp_asn1.h */; };
		EA2A58051F6936A200AB1EDD /* snmp_msg.h in Headers */ = {isa = PBXBuildFile; fileRef = EA2A56471F6934D000AB1EDD /* snmp_msg.h */; };
		EA2A58061F6936A200AB1EDD /* snmp_structs.h in Headers */ = {isa = PBXBuildFile; fileRef = EA2A56481F6934D000AB1EDD /* snmp_structs.h */; };
		EA2A58071F6936A200AB1EDD /* sockets.h in Headers */ = {isa = PBXBuildFile; fileRef = EA2A56491F6934D000AB1EDD /* sockets.h */; };
		EA2A58081F6936A200AB1EDD /* stats.h in Headers */ = {isa = PBXBuildFile; fileRef = EA2A564A1F6934D000AB1EDD /* stats.h */; };
		EA2A58091F6936A200AB1EDD /* sys.h in Headers */ = {isa = PBXBuildFile; fileRef = EA2A564B1F6934D000AB1EDD /* sys.h */; };
		EA2A580A1F6936A200AB1EDD /* tcp.h in Headers */ = {isa = PBXBuildFile; fileRef = EA2A564C1F6934D000AB1EDD /* tcp.h */; };
		EA2A580B1F6936A200AB1EDD /* tcp_impl.h in Headers */ = {isa = PBXBuildFile; fileRef = EA2A564D1F6934D000AB1EDD /* tcp_impl.h */; };
		EA2A580C1F6936A200AB1EDD /* tcpip.h in Headers */ = {isa = PBXBuildFile; fileRef = EA2A564E1F6934D000AB1EDD /* tcpip.h */; };
		EA2A580D1F6936A200AB1EDD /* timers.h in Headers */ = {isa = PBXBuildFile; fileRef = EA2A564F1F6934D000AB1EDD /* timers.h */; };
		EA2A580E1F6936A200AB1EDD /* udp.h in Headers */ = {isa = PBXBuildFile; fileRef = EA2A56501F6934D000AB1EDD /* udp.h */; };
		EA2A580F1F6936A200AB1EDD /* lwipopts.h in Headers */ = {isa = PBXBuildFile; fileRef = EA2A565A1F6934D000AB1EDD /* lwipopts.h */; };
		EA2A58101F69374300AB1EDD /* cc.h in Headers */ = {isa = PBXBuildFile; fileRef = EA2A561B1F6934D000AB1EDD /* cc.h */; };
		EA2A58111F69374300AB1EDD /* perf.h in Headers */ = {isa = PBXBuildFile; fileRef = EA2A561C1F6934D000AB1EDD /* perf.h */; };
		EA2A58121F69374300AB1EDD /* sys_arch.h in Headers */ = {isa = PBXBuildFile; fileRef = EA2A561D1F6934D000AB1EDD /* sys_arch.h */; };
		EA2A58131F69374D00AB1EDD /* lwip.h in Headers */ = {isa = PBXBuildFile; fileRef = EA2A56591F6934D000AB1EDD /* lwip.h */; settings = {ATTRIBUTES = (Public, ); }; };
		EA2A58141F6937AF00AB1EDD /* def.c in Sources */ = {isa = PBXBuildFile; fileRef = EA2A56671F6934D000AB1EDD /* def.c */; };
		EA2A58151F6937AF00AB1EDD /* dhcp.c in Sources */ = {isa = PBXBuildFile; fileRef = EA2A56681F6934D000AB1EDD /* dhcp.c */; };
		EA2A58161F6937AF00AB1EDD /* dns.c in Sources */ = {isa = PBXBuildFile; fileRef = EA2A56691F6934D000AB1EDD /* dns.c */; };
		EA2A58171F6937AF00AB1EDD /* init.c in Sources */ = {isa = PBXBuildFile; fileRef = EA2A566A1F6934D000AB1EDD /* init.c */; };
		EA2A58181F6937AF00AB1EDD /* autoip.c in Sources */ = {isa = PBXBuildFile; fileRef = EA2A566C1F6934D000AB1EDD /* autoip.c */; };
		EA2A58191F6937AF00AB1EDD /* icmp.c in Sources */ = {isa = PBXBuildFile; fileRef = EA2A566D1F6934D000AB1EDD /* icmp.c */; };
		EA2A581A1F6937AF00AB1EDD /* igmp.c in Sources */ = {isa = PBXBuildFile; fileRef = EA2A566E1F6934D000AB1EDD /* igmp.c */; };
		EA2A581B1F6937AF00AB1EDD /* inet.c in Sources */ = {isa = PBXBuildFile; fileRef = EA2A566F1F6934D000AB1EDD /* inet.c */; };
		EA2A581C1F6937AF00AB1EDD /* inet_chksum.c in Sources */ = {isa = PBXBuildFile; fileRef = EA2A56701F6934D000AB1EDD /* inet_chksum.c */; };
		EA2A581D1F6937AF00AB1EDD /* ip.c in Sources */ = {isa = PBXBuildFile; fileRef = EA2A56711F6934D000AB1EDD /* ip.c */; };
		EA2A581E1F6937AF00AB1EDD /* ip_addr.c in Sources */ = {isa = PBXBuildFile; fileRef = EA2A56721F6934D000AB1EDD /* ip_addr.c */; };
		EA2A581F1F6937AF00AB1EDD /* ip_frag.c in Sources */ = {isa = PBXBuildFile; fileRef = EA2A56731F6934D000AB1EDD /* ip_frag.c */; };
		EA2A58201F6937AF00AB1EDD /* mem.c in Sources */ = {isa = PBXBuildFile; fileRef = EA2A567A1F6934D000AB1EDD /* mem.c */; };
		EA2A58211F6937AF00AB1EDD /* memp.c in Sources */ = {isa = PBXBuildFile; fileRef = EA2A567B1F6934D000AB1EDD /* memp.c */; };
		EA2A58221F6937AF00AB1EDD /* netif.c in Sources */ = {isa = PBXBuildFile; fileRef = EA2A567C1F6934D000AB1EDD /* netif.c */; };
		EA2A58231F6937AF00AB1EDD /* pbuf.c in Sources */ = {isa = PBXBuildFile; fileRef = EA2A567D1F6934D000AB1EDD /* pbuf.c */; };
		EA2A58241F6937AF00AB1EDD /* raw.c in Sources */ = {isa = PBXBuildFile; fileRef = EA2A567E1F6934D000AB1EDD /* raw.c */; };
		EA2A58251F6937AF00AB1EDD /* stats.c in Sources */ = {isa = PBXBuildFile; fileRef = EA2A56861F6934D000AB1EDD /* stats.c */; };
		EA2A58261F6937AF00AB1EDD /* sys.c in Sources */ = {isa = PBXBuildFile; fileRef = EA2A56871F6934D000AB1EDD /* sys.c */; };
		EA2A58271F6937AF00AB1EDD /* tcp.c in Sources */ = {isa = PBXBuildFile; fileRef = EA2A56881F6934D000AB1EDD /* tcp.c */; };
		EA2A58281F6937AF00AB1EDD /* tcp_in.c in Sources */ = {isa = PBXBuildFile; fileRef = EA2A56891F6934D000AB1EDD /* tcp_in.c */; };
		EA2A58291F6937AF00AB1EDD /* tcp_out.c in Sources */ = {isa = PBXBuildFile; fileRef = EA2A568A1F6934D000AB1EDD /* tcp_out.c */; };
		EA2A582A1F6937AF00AB1EDD /* timers.c in Sources */ = {isa = PBXBuildFile; fileRef = EA2A568B1F6934D000AB1EDD /* timers.c */; };
		EA2A582B1F6937AF00AB1EDD /* udp.c in Sources */ = {isa = PBXBuildFile; fileRef = EA2A568C1F6934D000AB1EDD /* udp.c */; };
		EA2A582C1F6937AF00AB1EDD /* compat.c in Sources */ = {isa = PBXBuildFile; fileRef = EA2A568E1F6934D000AB1EDD /* compat.c */; };
		EA2A582D1F6937AF00AB1EDD /* sys_arch.c in Sources */ = {isa = PBXBuildFile; fileRef = EA2A568F1F6934D000AB1EDD /* sys_arch.c */; };
		EA2A582E1F6937D500AB1EDD /* compat.h in Headers */ = {isa = PBXBuildFile; fileRef = EA2A56161F6934D000AB1EDD /* compat.h */; };
		EA2A582F1F69381000AB1EDD /* api.h in Headers */ = {isa = PBXBuildFile; fileRef = EA2A56311F6934D000AB1EDD /* api.h */; };
		EA2A58301F69381000AB1EDD /* api_msg.h in Headers */ = {isa = PBXBuildFile; fileRef = EA2A56321F6934D000AB1EDD /* api_msg.h */; };
		EA2A58311F69381000AB1EDD /* arch.h in Headers */ = {isa = PBXBuildFile; fileRef = EA2A56331F6934D000AB1EDD /* arch.h */; };
		EA2A58321F69381000AB1EDD /* debug.h in Headers */ = {isa = PBXBuildFile; fileRef = EA2A56341F6934D000AB1EDD /* debug.h */; };
		EA2A58331F69381000AB1EDD /* def.h in Headers */ = {isa = PBXBuildFile; fileRef = EA2A56351F6934D000AB1EDD /* def.h */; };
		EA2A58341F69381000AB1EDD /* dhcp.h in Headers */ = {isa = PBXBuildFile; fileRef = EA2A56361F6934D000AB1EDD /* dhcp.h */; };
		EA2A58351F69381000AB1EDD /* dns.h in Headers */ = {isa = PBXBuildFile; fileRef = EA2A56371F6934D000AB1EDD /* dns.h */; };
		EA2A58361F69381000AB1EDD /* err.h in Headers */ = {isa = PBXBuildFile; fileRef = EA2A56381F6934D000AB1EDD /* err.h */; };
		EA2A58371F69381000AB1EDD /* init.h in Headers */ = {isa = PBXBuildFile; fileRef = EA2A56391F6934D000AB1EDD /* init.h */; };
		EA2A58381F69381000AB1EDD /* mem.h in Headers */ = {isa = PBXBuildFile; fileRef = EA2A563A1F6934D000AB1EDD /* mem.h */; };
		EA2A58391F69381000AB1EDD /* memp.h in Headers */ = {isa = PBXBuildFile; fileRef = EA2A563B1F6934D000AB1EDD /* memp.h */; };
		EA2A583A1F69381000AB1EDD /* memp_std.h in Headers */ = {isa = PBXBuildFile; fileRef = EA2A563C1F6934D000AB1EDD /* memp_std.h */; };
		EA2A583B1F69381000AB1EDD /* netbuf.h in Headers */ = {isa = PBXBuildFile; fileRef = EA2A563D1F6934D000AB1EDD /* netbuf.h */; };
		EA2A583C1F69381000AB1EDD /* netdb.h in Headers */ = {isa = PBXBuildFile; fileRef = EA2A563E1F6934D000AB1EDD /* netdb.h */; };
		EA2A583D1F69381000AB1EDD /* netif.h in Headers */ = {isa = PBXBuildFile; fileRef = EA2A563F1F6934D000AB1EDD /* netif.h */; };
		EA2A583E1F69381000AB1EDD /* netifapi.h in Headers */ = {isa = PBXBuildFile; fileRef = EA2A56401F6934D000AB1EDD /* netifapi.h */; };
		EA2A583F1F69381000AB1EDD /* opt.h in Headers */ = {isa = PBXBuildFile; fileRef = EA2A56411F6934D000AB1EDD /* opt.h */; };
		EA2A58401F69381000AB1EDD /* pbuf.h in Headers */ = {isa = PBXBuildFile; fileRef = EA2A56421F6934D000AB1EDD /* pbuf.h */; };
		EA2A58411F69381000AB1EDD /* raw.h in Headers */ = {isa = PBXBuildFile; fileRef = EA2A56431F6934D000AB1EDD /* raw.h */; };
		EA2A58421F69381000AB1EDD /* sio.h in Headers */ = {isa = PBXBuildFile; fileRef = EA2A56441F6934D000AB1EDD /* sio.h */; };
		EA2A58431F69381000AB1EDD /* snmp.h in Headers */ = {isa = PBXBuildFile; fileRef = EA2A56451F6934D000AB1EDD /* snmp.h */; };
		EA2A58441F69381000AB1EDD /* snmp_asn1.h in Headers */ = {isa = PBXBuildFile; fileRef = EA2A56461F6934D000AB1EDD /* snmp_asn1.h */; };
		EA2A58451F69381000AB1EDD /* snmp_msg.h in Headers */ = {isa = PBXBuildFile; fileRef = EA2A56471F6934D000AB1EDD /* snmp_msg.h */; };
		EA2A58461F69381000AB1EDD /* snmp_structs.h in Headers */ = {isa = PBXBuildFile; fileRef = EA2A56481F6934D000AB1EDD /* snmp_structs.h */; };
		EA2A58471F69381000AB1EDD /* sockets.h in Headers */ = {isa = PBXBuildFile; fileRef = EA2A56491F6934D000AB1EDD /* sockets.h */; };
		EA2A58481F69381000AB1EDD /* stats.h in Headers */ = {isa = PBXBuildFile; fileRef = EA2A564A1F6934D000AB1EDD /* stats.h */; };
		EA2A58491F69381000AB1EDD /* sys.h in Headers */ = {isa = PBXBuildFile; fileRef = EA2A564B1F6934D000AB1EDD /* sys.h */; };
		EA2A584A1F69381000AB1EDD /* tcp.h in Headers */ = {isa = PBXBuildFile; fileRef = EA2A564C1F6934D000AB1EDD /* tcp.h */; };
		EA2A584B1F69381000AB1EDD /* tcp_impl.h in Headers */ = {isa = PBXBuildFile; fileRef = EA2A564D1F6934D000AB1EDD /* tcp_impl.h */; };
		EA2A584C1F69381000AB1EDD /* tcpip.h in Headers */ = {isa = PBXBuildFile; fileRef = EA2A564E1F6934D000AB1EDD /* tcpip.h */; };
		EA2A584D1F69381000AB1EDD /* timers.h in Headers */ = {isa = PBXBuildFile; fileRef = EA2A564F1F6934D000AB1EDD /* timers.h */; };
		EA2A584E1F69381000AB1EDD /* udp.h in Headers */ = {isa = PBXBuildFile; fileRef = EA2A56501F6934D000AB1EDD /* udp.h */; };
		EA2A584F1F69381000AB1EDD /* lwipopts.h in Headers */ = {isa = PBXBuildFile; fileRef = EA2A565A1F6934D000AB1EDD /* lwipopts.h */; };
		EA2A58501F69384400AB1EDD /* autoip.h in Headers */ = {isa = PBXBuildFile; fileRef = EA2A56221F6934D000AB1EDD /* autoip.h */; };
		EA2A58511F69384400AB1EDD /* icmp.h in Headers */ = {isa = PBXBuildFile; fileRef = EA2A56231F6934D000AB1EDD /* icmp.h */; };
		EA2A58521F69384400AB1EDD /* igmp.h in Headers */ = {isa = PBXBuildFile; fileRef = EA2A56241F6934D000AB1EDD /* igmp.h */; };
		EA2A58531F69384400AB1EDD /* inet.h in Headers */ = {isa = PBXBuildFile; fileRef = EA2A56251F6934D000AB1EDD /* inet.h */; };
		EA2A58541F69384400AB1EDD /* inet_chksum.h in Headers */ = {isa = PBXBuildFile; fileRef = EA2A56261F6934D000AB1EDD /* inet_chksum.h */; };
		EA2A58551F69384400AB1EDD /* ip.h in Headers */ = {isa = PBXBuildFile; fileRef = EA2A56271F6934D000AB1EDD /* ip.h */; };
		EA2A58561F69384400AB1EDD /* ip_addr.h in Headers */ = {isa = PBXBuildFile; fileRef = EA2A56281F6934D000AB1EDD /* ip_addr.h */; };
		EA2A58571F69384400AB1EDD /* ip_frag.h in Headers */ = {isa = PBXBuildFile; fileRef = EA2A56291F6934D000AB1EDD /* ip_frag.h */; };
/* End PBXBuildFile section */

/* Begin PBXContainerItemProxy section */
		36A719071D5B0B0100DC35F5 /* PBXContainerItemProxy */ = {
			isa = PBXContainerItemProxy;
			containerPortal = 3642C9F51CEDCC60001E0AAF /* Project object */;
			proxyType = 1;
			remoteGlobalIDString = 36A718F01D5B0A1B00DC35F5;
			remoteInfo = "lwip-macOS";
		};
		36A719091D5B0B0800DC35F5 /* PBXContainerItemProxy */ = {
			isa = PBXContainerItemProxy;
			containerPortal = 3642C9F51CEDCC60001E0AAF /* Project object */;
			proxyType = 1;
			remoteGlobalIDString = 36A718FE1D5B0AC100DC35F5;
			remoteInfo = "lwip-iOS";
		};
/* End PBXContainerItemProxy section */

/* Begin PBXFileReference section */
		3642C9FE1CEDCC60001E0AAF /* tun2socks.framework */ = {isa = PBXFileReference; explicitFileType = wrapper.framework; includeInIndex = 0; path = tun2socks.framework; sourceTree = BUILT_PRODUCTS_DIR; };
		3642CA011CEDCC60001E0AAF /* tun2socks.h */ = {isa = PBXFileReference; lastKnownFileType = sourcecode.c.h; path = tun2socks.h; sourceTree = "<group>"; };
		3642CA031CEDCC60001E0AAF /* Info.plist */ = {isa = PBXFileReference; lastKnownFileType = text.plist.xml; path = Info.plist; sourceTree = "<group>"; };
		36A718F11D5B0A1B00DC35F5 /* lwip.framework */ = {isa = PBXFileReference; explicitFileType = wrapper.framework; includeInIndex = 0; path = lwip.framework; sourceTree = BUILT_PRODUCTS_DIR; };
		36A718F51D5B0A1B00DC35F5 /* Info.plist */ = {isa = PBXFileReference; lastKnownFileType = text.plist.xml; path = Info.plist; sourceTree = "<group>"; };
		36A718FF1D5B0AC100DC35F5 /* lwip.framework */ = {isa = PBXFileReference; explicitFileType = wrapper.framework; includeInIndex = 0; path = lwip.framework; sourceTree = BUILT_PRODUCTS_DIR; };
		36A719031D5B0AC100DC35F5 /* Info.plist */ = {isa = PBXFileReference; lastKnownFileType = text.plist.xml; path = Info.plist; sourceTree = "<group>"; };
		36BC58521CEF514200E0E367 /* TSIPStack.swift */ = {isa = PBXFileReference; fileEncoding = 4; lastKnownFileType = sourcecode.swift; path = TSIPStack.swift; sourceTree = "<group>"; };
		36C48C9C1CF8667F0071804F /* README.md */ = {isa = PBXFileReference; lastKnownFileType = net.daringfireball.markdown; path = README.md; sourceTree = "<group>"; };
		36C48CA21CF8701A0071804F /* tun2socks.framework */ = {isa = PBXFileReference; explicitFileType = wrapper.framework; includeInIndex = 0; path = tun2socks.framework; sourceTree = BUILT_PRODUCTS_DIR; };
		36C48CA41CF8701A0071804F /* tun2socks-ios.h */ = {isa = PBXFileReference; lastKnownFileType = sourcecode.c.h; path = "tun2socks-ios.h"; sourceTree = "<group>"; };
		36C48CA61CF8701A0071804F /* Info.plist */ = {isa = PBXFileReference; lastKnownFileType = text.plist.xml; path = Info.plist; sourceTree = "<group>"; };
		36E702791CEEEB57002C2421 /* TSTCPSocket.swift */ = {isa = PBXFileReference; fileEncoding = 4; lastKnownFileType = sourcecode.swift; path = TSTCPSocket.swift; sourceTree = "<group>"; };
		EA2A56151F6934D000AB1EDD /* CHANGELOG */ = {isa = PBXFileReference; fileEncoding = 4; lastKnownFileType = text; path = CHANGELOG; sourceTree = "<group>"; };
		EA2A56161F6934D000AB1EDD /* compat.h */ = {isa = PBXFileReference; fileEncoding = 4; lastKnownFileType = sourcecode.c.h; path = compat.h; sourceTree = "<group>"; };
		EA2A56171F6934D000AB1EDD /* COPYING */ = {isa = PBXFileReference; fileEncoding = 4; lastKnownFileType = text; path = COPYING; sourceTree = "<group>"; };
		EA2A561B1F6934D000AB1EDD /* cc.h */ = {isa = PBXFileReference; fileEncoding = 4; lastKnownFileType = sourcecode.c.h; path = cc.h; sourceTree = "<group>"; };
		EA2A561C1F6934D000AB1EDD /* perf.h */ = {isa = PBXFileReference; fileEncoding = 4; lastKnownFileType = sourcecode.c.h; path = perf.h; sourceTree = "<group>"; };
		EA2A561D1F6934D000AB1EDD /* sys_arch.h */ = {isa = PBXFileReference; fileEncoding = 4; lastKnownFileType = sourcecode.c.h; path = sys_arch.h; sourceTree = "<group>"; };
		EA2A561E1F6934D000AB1EDD /* FILES */ = {isa = PBXFileReference; fileEncoding = 4; lastKnownFileType = text; path = FILES; sourceTree = "<group>"; };
		EA2A56221F6934D000AB1EDD /* autoip.h */ = {isa = PBXFileReference; fileEncoding = 4; lastKnownFileType = sourcecode.c.h; path = autoip.h; sourceTree = "<group>"; };
		EA2A56231F6934D000AB1EDD /* icmp.h */ = {isa = PBXFileReference; fileEncoding = 4; lastKnownFileType = sourcecode.c.h; path = icmp.h; sourceTree = "<group>"; };
		EA2A56241F6934D000AB1EDD /* igmp.h */ = {isa = PBXFileReference; fileEncoding = 4; lastKnownFileType = sourcecode.c.h; path = igmp.h; sourceTree = "<group>"; };
		EA2A56251F6934D000AB1EDD /* inet.h */ = {isa = PBXFileReference; fileEncoding = 4; lastKnownFileType = sourcecode.c.h; path = inet.h; sourceTree = "<group>"; };
		EA2A56261F6934D000AB1EDD /* inet_chksum.h */ = {isa = PBXFileReference; fileEncoding = 4; lastKnownFileType = sourcecode.c.h; path = inet_chksum.h; sourceTree = "<group>"; };
		EA2A56271F6934D000AB1EDD /* ip.h */ = {isa = PBXFileReference; fileEncoding = 4; lastKnownFileType = sourcecode.c.h; path = ip.h; sourceTree = "<group>"; };
		EA2A56281F6934D000AB1EDD /* ip_addr.h */ = {isa = PBXFileReference; fileEncoding = 4; lastKnownFileType = sourcecode.c.h; path = ip_addr.h; sourceTree = "<group>"; };
		EA2A56291F6934D000AB1EDD /* ip_frag.h */ = {isa = PBXFileReference; fileEncoding = 4; lastKnownFileType = sourcecode.c.h; path = ip_frag.h; sourceTree = "<group>"; };
		EA2A562C1F6934D000AB1EDD /* icmp.h */ = {isa = PBXFileReference; fileEncoding = 4; lastKnownFileType = sourcecode.c.h; path = icmp.h; sourceTree = "<group>"; };
		EA2A562D1F6934D000AB1EDD /* inet.h */ = {isa = PBXFileReference; fileEncoding = 4; lastKnownFileType = sourcecode.c.h; path = inet.h; sourceTree = "<group>"; };
		EA2A562E1F6934D000AB1EDD /* ip.h */ = {isa = PBXFileReference; fileEncoding = 4; lastKnownFileType = sourcecode.c.h; path = ip.h; sourceTree = "<group>"; };
		EA2A562F1F6934D000AB1EDD /* ip_addr.h */ = {isa = PBXFileReference; fileEncoding = 4; lastKnownFileType = sourcecode.c.h; path = ip_addr.h; sourceTree = "<group>"; };
		EA2A56311F6934D000AB1EDD /* api.h */ = {isa = PBXFileReference; fileEncoding = 4; lastKnownFileType = sourcecode.c.h; path = api.h; sourceTree = "<group>"; };
		EA2A56321F6934D000AB1EDD /* api_msg.h */ = {isa = PBXFileReference; fileEncoding = 4; lastKnownFileType = sourcecode.c.h; path = api_msg.h; sourceTree = "<group>"; };
		EA2A56331F6934D000AB1EDD /* arch.h */ = {isa = PBXFileReference; fileEncoding = 4; lastKnownFileType = sourcecode.c.h; path = arch.h; sourceTree = "<group>"; };
		EA2A56341F6934D000AB1EDD /* debug.h */ = {isa = PBXFileReference; fileEncoding = 4; lastKnownFileType = sourcecode.c.h; path = debug.h; sourceTree = "<group>"; };
		EA2A56351F6934D000AB1EDD /* def.h */ = {isa = PBXFileReference; fileEncoding = 4; lastKnownFileType = sourcecode.c.h; path = def.h; sourceTree = "<group>"; };
		EA2A56361F6934D000AB1EDD /* dhcp.h */ = {isa = PBXFileReference; fileEncoding = 4; lastKnownFileType = sourcecode.c.h; path = dhcp.h; sourceTree = "<group>"; };
		EA2A56371F6934D000AB1EDD /* dns.h */ = {isa = PBXFileReference; fileEncoding = 4; lastKnownFileType = sourcecode.c.h; path = dns.h; sourceTree = "<group>"; };
		EA2A56381F6934D000AB1EDD /* err.h */ = {isa = PBXFileReference; fileEncoding = 4; lastKnownFileType = sourcecode.c.h; path = err.h; sourceTree = "<group>"; };
		EA2A56391F6934D000AB1EDD /* init.h */ = {isa = PBXFileReference; fileEncoding = 4; lastKnownFileType = sourcecode.c.h; path = init.h; sourceTree = "<group>"; };
		EA2A563A1F6934D000AB1EDD /* mem.h */ = {isa = PBXFileReference; fileEncoding = 4; lastKnownFileType = sourcecode.c.h; path = mem.h; sourceTree = "<group>"; };
		EA2A563B1F6934D000AB1EDD /* memp.h */ = {isa = PBXFileReference; fileEncoding = 4; lastKnownFileType = sourcecode.c.h; path = memp.h; sourceTree = "<group>"; };
		EA2A563C1F6934D000AB1EDD /* memp_std.h */ = {isa = PBXFileReference; fileEncoding = 4; lastKnownFileType = sourcecode.c.h; path = memp_std.h; sourceTree = "<group>"; };
		EA2A563D1F6934D000AB1EDD /* netbuf.h */ = {isa = PBXFileReference; fileEncoding = 4; lastKnownFileType = sourcecode.c.h; path = netbuf.h; sourceTree = "<group>"; };
		EA2A563E1F6934D000AB1EDD /* netdb.h */ = {isa = PBXFileReference; fileEncoding = 4; lastKnownFileType = sourcecode.c.h; path = netdb.h; sourceTree = "<group>"; };
		EA2A563F1F6934D000AB1EDD /* netif.h */ = {isa = PBXFileReference; fileEncoding = 4; lastKnownFileType = sourcecode.c.h; path = netif.h; sourceTree = "<group>"; };
		EA2A56401F6934D000AB1EDD /* netifapi.h */ = {isa = PBXFileReference; fileEncoding = 4; lastKnownFileType = sourcecode.c.h; path = netifapi.h; sourceTree = "<group>"; };
		EA2A56411F6934D000AB1EDD /* opt.h */ = {isa = PBXFileReference; fileEncoding = 4; lastKnownFileType = sourcecode.c.h; path = opt.h; sourceTree = "<group>"; };
		EA2A56421F6934D000AB1EDD /* pbuf.h */ = {isa = PBXFileReference; fileEncoding = 4; lastKnownFileType = sourcecode.c.h; path = pbuf.h; sourceTree = "<group>"; };
		EA2A56431F6934D000AB1EDD /* raw.h */ = {isa = PBXFileReference; fileEncoding = 4; lastKnownFileType = sourcecode.c.h; path = raw.h; sourceTree = "<group>"; };
		EA2A56441F6934D000AB1EDD /* sio.h */ = {isa = PBXFileReference; fileEncoding = 4; lastKnownFileType = sourcecode.c.h; path = sio.h; sourceTree = "<group>"; };
		EA2A56451F6934D000AB1EDD /* snmp.h */ = {isa = PBXFileReference; fileEncoding = 4; lastKnownFileType = sourcecode.c.h; path = snmp.h; sourceTree = "<group>"; };
		EA2A56461F6934D000AB1EDD /* snmp_asn1.h */ = {isa = PBXFileReference; fileEncoding = 4; lastKnownFileType = sourcecode.c.h; path = snmp_asn1.h; sourceTree = "<group>"; };
		EA2A56471F6934D000AB1EDD /* snmp_msg.h */ = {isa = PBXFileReference; fileEncoding = 4; lastKnownFileType = sourcecode.c.h; path = snmp_msg.h; sourceTree = "<group>"; };
		EA2A56481F6934D000AB1EDD /* snmp_structs.h */ = {isa = PBXFileReference; fileEncoding = 4; lastKnownFileType = sourcecode.c.h; path = snmp_structs.h; sourceTree = "<group>"; };
		EA2A56491F6934D000AB1EDD /* sockets.h */ = {isa = PBXFileReference; fileEncoding = 4; lastKnownFileType = sourcecode.c.h; path = sockets.h; sourceTree = "<group>"; };
		EA2A564A1F6934D000AB1EDD /* stats.h */ = {isa = PBXFileReference; fileEncoding = 4; lastKnownFileType = sourcecode.c.h; path = stats.h; sourceTree = "<group>"; };
		EA2A564B1F6934D000AB1EDD /* sys.h */ = {isa = PBXFileReference; fileEncoding = 4; lastKnownFileType = sourcecode.c.h; path = sys.h; sourceTree = "<group>"; };
		EA2A564C1F6934D000AB1EDD /* tcp.h */ = {isa = PBXFileReference; fileEncoding = 4; lastKnownFileType = sourcecode.c.h; path = tcp.h; sourceTree = "<group>"; };
		EA2A564D1F6934D000AB1EDD /* tcp_impl.h */ = {isa = PBXFileReference; fileEncoding = 4; lastKnownFileType = sourcecode.c.h; path = tcp_impl.h; sourceTree = "<group>"; };
		EA2A564E1F6934D000AB1EDD /* tcpip.h */ = {isa = PBXFileReference; fileEncoding = 4; lastKnownFileType = sourcecode.c.h; path = tcpip.h; sourceTree = "<group>"; };
		EA2A564F1F6934D000AB1EDD /* timers.h */ = {isa = PBXFileReference; fileEncoding = 4; lastKnownFileType = sourcecode.c.h; path = timers.h; sourceTree = "<group>"; };
		EA2A56501F6934D000AB1EDD /* udp.h */ = {isa = PBXFileReference; fileEncoding = 4; lastKnownFileType = sourcecode.c.h; path = udp.h; sourceTree = "<group>"; };
		EA2A56521F6934D000AB1EDD /* etharp.h */ = {isa = PBXFileReference; fileEncoding = 4; lastKnownFileType = sourcecode.c.h; path = etharp.h; sourceTree = "<group>"; };
		EA2A56531F6934D000AB1EDD /* ppp_oe.h */ = {isa = PBXFileReference; fileEncoding = 4; lastKnownFileType = sourcecode.c.h; path = ppp_oe.h; sourceTree = "<group>"; };
		EA2A56541F6934D000AB1EDD /* slipif.h */ = {isa = PBXFileReference; fileEncoding = 4; lastKnownFileType = sourcecode.c.h; path = slipif.h; sourceTree = "<group>"; };
		EA2A56561F6934D000AB1EDD /* netdb.h */ = {isa = PBXFileReference; fileEncoding = 4; lastKnownFileType = sourcecode.c.h; path = netdb.h; sourceTree = "<group>"; };
		EA2A56581F6934D000AB1EDD /* socket.h */ = {isa = PBXFileReference; fileEncoding = 4; lastKnownFileType = sourcecode.c.h; path = socket.h; sourceTree = "<group>"; };
		EA2A56591F6934D000AB1EDD /* lwip.h */ = {isa = PBXFileReference; fileEncoding = 4; lastKnownFileType = sourcecode.c.h; path = lwip.h; sourceTree = "<group>"; };
		EA2A565A1F6934D000AB1EDD /* lwipopts.h */ = {isa = PBXFileReference; fileEncoding = 4; lastKnownFileType = sourcecode.c.h; path = lwipopts.h; sourceTree = "<group>"; };
		EA2A565B1F6934D000AB1EDD /* README */ = {isa = PBXFileReference; fileEncoding = 4; lastKnownFileType = text; path = README; sourceTree = "<group>"; };
		EA2A565E1F6934D000AB1EDD /* api_lib.c */ = {isa = PBXFileReference; fileEncoding = 4; lastKnownFileType = sourcecode.c.c; path = api_lib.c; sourceTree = "<group>"; };
		EA2A565F1F6934D000AB1EDD /* api_msg.c */ = {isa = PBXFileReference; fileEncoding = 4; lastKnownFileType = sourcecode.c.c; path = api_msg.c; sourceTree = "<group>"; };
		EA2A56601F6934D000AB1EDD /* err.c */ = {isa = PBXFileReference; fileEncoding = 4; lastKnownFileType = sourcecode.c.c; path = err.c; sourceTree = "<group>"; };
		EA2A56611F6934D000AB1EDD /* netbuf.c */ = {isa = PBXFileReference; fileEncoding = 4; lastKnownFileType = sourcecode.c.c; path = netbuf.c; sourceTree = "<group>"; };
		EA2A56621F6934D000AB1EDD /* netdb.c */ = {isa = PBXFileReference; fileEncoding = 4; lastKnownFileType = sourcecode.c.c; path = netdb.c; sourceTree = "<group>"; };
		EA2A56631F6934D000AB1EDD /* netifapi.c */ = {isa = PBXFileReference; fileEncoding = 4; lastKnownFileType = sourcecode.c.c; path = netifapi.c; sourceTree = "<group>"; };
		EA2A56641F6934D000AB1EDD /* sockets.c */ = {isa = PBXFileReference; fileEncoding = 4; lastKnownFileType = sourcecode.c.c; path = sockets.c; sourceTree = "<group>"; };
		EA2A56651F6934D000AB1EDD /* tcpip.c */ = {isa = PBXFileReference; fileEncoding = 4; lastKnownFileType = sourcecode.c.c; path = tcpip.c; sourceTree = "<group>"; };
		EA2A56671F6934D000AB1EDD /* def.c */ = {isa = PBXFileReference; fileEncoding = 4; lastKnownFileType = sourcecode.c.c; path = def.c; sourceTree = "<group>"; };
		EA2A56681F6934D000AB1EDD /* dhcp.c */ = {isa = PBXFileReference; fileEncoding = 4; lastKnownFileType = sourcecode.c.c; path = dhcp.c; sourceTree = "<group>"; };
		EA2A56691F6934D000AB1EDD /* dns.c */ = {isa = PBXFileReference; fileEncoding = 4; lastKnownFileType = sourcecode.c.c; path = dns.c; sourceTree = "<group>"; };
		EA2A566A1F6934D000AB1EDD /* init.c */ = {isa = PBXFileReference; fileEncoding = 4; lastKnownFileType = sourcecode.c.c; path = init.c; sourceTree = "<group>"; };
		EA2A566C1F6934D000AB1EDD /* autoip.c */ = {isa = PBXFileReference; fileEncoding = 4; lastKnownFileType = sourcecode.c.c; path = autoip.c; sourceTree = "<group>"; };
		EA2A566D1F6934D000AB1EDD /* icmp.c */ = {isa = PBXFileReference; fileEncoding = 4; lastKnownFileType = sourcecode.c.c; path = icmp.c; sourceTree = "<group>"; };
		EA2A566E1F6934D000AB1EDD /* igmp.c */ = {isa = PBXFileReference; fileEncoding = 4; lastKnownFileType = sourcecode.c.c; path = igmp.c; sourceTree = "<group>"; };
		EA2A566F1F6934D000AB1EDD /* inet.c */ = {isa = PBXFileReference; fileEncoding = 4; lastKnownFileType = sourcecode.c.c; path = inet.c; sourceTree = "<group>"; };
		EA2A56701F6934D000AB1EDD /* inet_chksum.c */ = {isa = PBXFileReference; fileEncoding = 4; lastKnownFileType = sourcecode.c.c; path = inet_chksum.c; sourceTree = "<group>"; };
		EA2A56711F6934D000AB1EDD /* ip.c */ = {isa = PBXFileReference; fileEncoding = 4; lastKnownFileType = sourcecode.c.c; path = ip.c; sourceTree = "<group>"; };
		EA2A56721F6934D000AB1EDD /* ip_addr.c */ = {isa = PBXFileReference; fileEncoding = 4; lastKnownFileType = sourcecode.c.c; path = ip_addr.c; sourceTree = "<group>"; };
		EA2A56731F6934D000AB1EDD /* ip_frag.c */ = {isa = PBXFileReference; fileEncoding = 4; lastKnownFileType = sourcecode.c.c; path = ip_frag.c; sourceTree = "<group>"; };
		EA2A56751F6934D000AB1EDD /* icmp6.c */ = {isa = PBXFileReference; fileEncoding = 4; lastKnownFileType = sourcecode.c.c; path = icmp6.c; sourceTree = "<group>"; };
		EA2A56761F6934D000AB1EDD /* inet6.c */ = {isa = PBXFileReference; fileEncoding = 4; lastKnownFileType = sourcecode.c.c; path = inet6.c; sourceTree = "<group>"; };
		EA2A56771F6934D000AB1EDD /* ip6.c */ = {isa = PBXFileReference; fileEncoding = 4; lastKnownFileType = sourcecode.c.c; path = ip6.c; sourceTree = "<group>"; };
		EA2A56781F6934D000AB1EDD /* ip6_addr.c */ = {isa = PBXFileReference; fileEncoding = 4; lastKnownFileType = sourcecode.c.c; path = ip6_addr.c; sourceTree = "<group>"; };
		EA2A56791F6934D000AB1EDD /* README */ = {isa = PBXFileReference; fileEncoding = 4; lastKnownFileType = text; path = README; sourceTree = "<group>"; };
		EA2A567A1F6934D000AB1EDD /* mem.c */ = {isa = PBXFileReference; fileEncoding = 4; lastKnownFileType = sourcecode.c.c; path = mem.c; sourceTree = "<group>"; };
		EA2A567B1F6934D000AB1EDD /* memp.c */ = {isa = PBXFileReference; fileEncoding = 4; lastKnownFileType = sourcecode.c.c; path = memp.c; sourceTree = "<group>"; };
		EA2A567C1F6934D000AB1EDD /* netif.c */ = {isa = PBXFileReference; fileEncoding = 4; lastKnownFileType = sourcecode.c.c; path = netif.c; sourceTree = "<group>"; };
		EA2A567D1F6934D000AB1EDD /* pbuf.c */ = {isa = PBXFileReference; fileEncoding = 4; lastKnownFileType = sourcecode.c.c; path = pbuf.c; sourceTree = "<group>"; };
		EA2A567E1F6934D000AB1EDD /* raw.c */ = {isa = PBXFileReference; fileEncoding = 4; lastKnownFileType = sourcecode.c.c; path = raw.c; sourceTree = "<group>"; };
		EA2A56801F6934D000AB1EDD /* asn1_dec.c */ = {isa = PBXFileReference; fileEncoding = 4; lastKnownFileType = sourcecode.c.c; path = asn1_dec.c; sourceTree = "<group>"; };
		EA2A56811F6934D000AB1EDD /* asn1_enc.c */ = {isa = PBXFileReference; fileEncoding = 4; lastKnownFileType = sourcecode.c.c; path = asn1_enc.c; sourceTree = "<group>"; };
		EA2A56821F6934D000AB1EDD /* mib2.c */ = {isa = PBXFileReference; fileEncoding = 4; lastKnownFileType = sourcecode.c.c; path = mib2.c; sourceTree = "<group>"; };
		EA2A56831F6934D000AB1EDD /* mib_structs.c */ = {isa = PBXFileReference; fileEncoding = 4; lastKnownFileType = sourcecode.c.c; path = mib_structs.c; sourceTree = "<group>"; };
		EA2A56841F6934D000AB1EDD /* msg_in.c */ = {isa = PBXFileReference; fileEncoding = 4; lastKnownFileType = sourcecode.c.c; path = msg_in.c; sourceTree = "<group>"; };
		EA2A56851F6934D000AB1EDD /* msg_out.c */ = {isa = PBXFileReference; fileEncoding = 4; lastKnownFileType = sourcecode.c.c; path = msg_out.c; sourceTree = "<group>"; };
		EA2A56861F6934D000AB1EDD /* stats.c */ = {isa = PBXFileReference; fileEncoding = 4; lastKnownFileType = sourcecode.c.c; path = stats.c; sourceTree = "<group>"; };
		EA2A56871F6934D000AB1EDD /* sys.c */ = {isa = PBXFileReference; fileEncoding = 4; lastKnownFileType = sourcecode.c.c; path = sys.c; sourceTree = "<group>"; };
		EA2A56881F6934D000AB1EDD /* tcp.c */ = {isa = PBXFileReference; fileEncoding = 4; lastKnownFileType = sourcecode.c.c; path = tcp.c; sourceTree = "<group>"; };
		EA2A56891F6934D000AB1EDD /* tcp_in.c */ = {isa = PBXFileReference; fileEncoding = 4; lastKnownFileType = sourcecode.c.c; path = tcp_in.c; sourceTree = "<group>"; };
		EA2A568A1F6934D000AB1EDD /* tcp_out.c */ = {isa = PBXFileReference; fileEncoding = 4; lastKnownFileType = sourcecode.c.c; path = tcp_out.c; sourceTree = "<group>"; };
		EA2A568B1F6934D000AB1EDD /* timers.c */ = {isa = PBXFileReference; fileEncoding = 4; lastKnownFileType = sourcecode.c.c; path = timers.c; sourceTree = "<group>"; };
		EA2A568C1F6934D000AB1EDD /* udp.c */ = {isa = PBXFileReference; fileEncoding = 4; lastKnownFileType = sourcecode.c.c; path = udp.c; sourceTree = "<group>"; };
		EA2A568E1F6934D000AB1EDD /* compat.c */ = {isa = PBXFileReference; fileEncoding = 4; lastKnownFileType = sourcecode.c.c; path = compat.c; sourceTree = "<group>"; };
		EA2A568F1F6934D000AB1EDD /* sys_arch.c */ = {isa = PBXFileReference; fileEncoding = 4; lastKnownFileType = sourcecode.c.c; path = sys_arch.c; sourceTree = "<group>"; };
		EA2A56901F6934D000AB1EDD /* FILES */ = {isa = PBXFileReference; fileEncoding = 4; lastKnownFileType = text; path = FILES; sourceTree = "<group>"; };
		EA2A56921F6934D000AB1EDD /* etharp.c */ = {isa = PBXFileReference; fileEncoding = 4; lastKnownFileType = sourcecode.c.c; path = etharp.c; sourceTree = "<group>"; };
		EA2A56931F6934D000AB1EDD /* ethernetif.c */ = {isa = PBXFileReference; fileEncoding = 4; lastKnownFileType = sourcecode.c.c; path = ethernetif.c; sourceTree = "<group>"; };
		EA2A56941F6934D000AB1EDD /* FILES */ = {isa = PBXFileReference; fileEncoding = 4; lastKnownFileType = text; path = FILES; sourceTree = "<group>"; };
		EA2A56961F6934D000AB1EDD /* auth.c */ = {isa = PBXFileReference; fileEncoding = 4; lastKnownFileType = sourcecode.c.c; path = auth.c; sourceTree = "<group>"; };
		EA2A56971F6934D000AB1EDD /* auth.h */ = {isa = PBXFileReference; fileEncoding = 4; lastKnownFileType = sourcecode.c.h; path = auth.h; sourceTree = "<group>"; };
		EA2A56981F6934D000AB1EDD /* chap.c */ = {isa = PBXFileReference; fileEncoding = 4; lastKnownFileType = sourcecode.c.c; path = chap.c; sourceTree = "<group>"; };
		EA2A56991F6934D000AB1EDD /* chap.h */ = {isa = PBXFileReference; fileEncoding = 4; lastKnownFileType = sourcecode.c.h; path = chap.h; sourceTree = "<group>"; };
		EA2A569A1F6934D000AB1EDD /* chpms.c */ = {isa = PBXFileReference; fileEncoding = 4; lastKnownFileType = sourcecode.c.c; path = chpms.c; sourceTree = "<group>"; };
		EA2A569B1F6934D000AB1EDD /* chpms.h */ = {isa = PBXFileReference; fileEncoding = 4; lastKnownFileType = sourcecode.c.h; path = chpms.h; sourceTree = "<group>"; };
		EA2A569C1F6934D000AB1EDD /* fsm.c */ = {isa = PBXFileReference; fileEncoding = 4; lastKnownFileType = sourcecode.c.c; path = fsm.c; sourceTree = "<group>"; };
		EA2A569D1F6934D000AB1EDD /* fsm.h */ = {isa = PBXFileReference; fileEncoding = 4; lastKnownFileType = sourcecode.c.h; path = fsm.h; sourceTree = "<group>"; };
		EA2A569E1F6934D000AB1EDD /* ipcp.c */ = {isa = PBXFileReference; fileEncoding = 4; lastKnownFileType = sourcecode.c.c; path = ipcp.c; sourceTree = "<group>"; };
		EA2A569F1F6934D000AB1EDD /* ipcp.h */ = {isa = PBXFileReference; fileEncoding = 4; lastKnownFileType = sourcecode.c.h; path = ipcp.h; sourceTree = "<group>"; };
		EA2A56A01F6934D000AB1EDD /* lcp.c */ = {isa = PBXFileReference; fileEncoding = 4; lastKnownFileType = sourcecode.c.c; path = lcp.c; sourceTree = "<group>"; };
		EA2A56A11F6934D000AB1EDD /* lcp.h */ = {isa = PBXFileReference; fileEncoding = 4; lastKnownFileType = sourcecode.c.h; path = lcp.h; sourceTree = "<group>"; };
		EA2A56A21F6934D000AB1EDD /* magic.c */ = {isa = PBXFileReference; fileEncoding = 4; lastKnownFileType = sourcecode.c.c; path = magic.c; sourceTree = "<group>"; };
		EA2A56A31F6934D000AB1EDD /* magic.h */ = {isa = PBXFileReference; fileEncoding = 4; lastKnownFileType = sourcecode.c.h; path = magic.h; sourceTree = "<group>"; };
		EA2A56A41F6934D000AB1EDD /* md5.c */ = {isa = PBXFileReference; fileEncoding = 4; lastKnownFileType = sourcecode.c.c; path = md5.c; sourceTree = "<group>"; };
		EA2A56A51F6934D000AB1EDD /* md5.h */ = {isa = PBXFileReference; fileEncoding = 4; lastKnownFileType = sourcecode.c.h; path = md5.h; sourceTree = "<group>"; };
		EA2A56A61F6934D000AB1EDD /* pap.c */ = {isa = PBXFileReference; fileEncoding = 4; lastKnownFileType = sourcecode.c.c; path = pap.c; sourceTree = "<group>"; };
		EA2A56A71F6934D000AB1EDD /* pap.h */ = {isa = PBXFileReference; fileEncoding = 4; lastKnownFileType = sourcecode.c.h; path = pap.h; sourceTree = "<group>"; };
		EA2A56A81F6934D000AB1EDD /* ppp.c */ = {isa = PBXFileReference; fileEncoding = 4; lastKnownFileType = sourcecode.c.c; path = ppp.c; sourceTree = "<group>"; };
		EA2A56A91F6934D000AB1EDD /* ppp.h */ = {isa = PBXFileReference; fileEncoding = 4; lastKnownFileType = sourcecode.c.h; path = ppp.h; sourceTree = "<group>"; };
		EA2A56AA1F6934D000AB1EDD /* ppp_impl.h */ = {isa = PBXFileReference; fileEncoding = 4; lastKnownFileType = sourcecode.c.h; path = ppp_impl.h; sourceTree = "<group>"; };
		EA2A56AB1F6934D000AB1EDD /* ppp_oe.c */ = {isa = PBXFileReference; fileEncoding = 4; lastKnownFileType = sourcecode.c.c; path = ppp_oe.c; sourceTree = "<group>"; };
		EA2A56AC1F6934D000AB1EDD /* pppdebug.h */ = {isa = PBXFileReference; fileEncoding = 4; lastKnownFileType = sourcecode.c.h; path = pppdebug.h; sourceTree = "<group>"; };
		EA2A56AD1F6934D000AB1EDD /* randm.c */ = {isa = PBXFileReference; fileEncoding = 4; lastKnownFileType = sourcecode.c.c; path = randm.c; sourceTree = "<group>"; };
		EA2A56AE1F6934D000AB1EDD /* randm.h */ = {isa = PBXFileReference; fileEncoding = 4; lastKnownFileType = sourcecode.c.h; path = randm.h; sourceTree = "<group>"; };
		EA2A56AF1F6934D000AB1EDD /* vj.c */ = {isa = PBXFileReference; fileEncoding = 4; lastKnownFileType = sourcecode.c.c; path = vj.c; sourceTree = "<group>"; };
		EA2A56B01F6934D000AB1EDD /* vj.h */ = {isa = PBXFileReference; fileEncoding = 4; lastKnownFileType = sourcecode.c.h; path = vj.h; sourceTree = "<group>"; };
		EA2A56B11F6934D000AB1EDD /* slipif.c */ = {isa = PBXFileReference; fileEncoding = 4; lastKnownFileType = sourcecode.c.c; path = slipif.c; sourceTree = "<group>"; };
		EA2A56B21F6934D000AB1EDD /* UPGRADING */ = {isa = PBXFileReference; fileEncoding = 4; lastKnownFileType = text; path = UPGRADING; sourceTree = "<group>"; };
/* End PBXFileReference section */

/* Begin PBXFrameworksBuildPhase section */
		3642C9FA1CEDCC60001E0AAF /* Frameworks */ = {
			isa = PBXFrameworksBuildPhase;
			buildActionMask = 2147483647;
			files = (
				36A719351D5B0EFF00DC35F5 /* lwip.framework in Frameworks */,
			);
			runOnlyForDeploymentPostprocessing = 0;
		};
		36A718ED1D5B0A1B00DC35F5 /* Frameworks */ = {
			isa = PBXFrameworksBuildPhase;
			buildActionMask = 2147483647;
			files = (
			);
			runOnlyForDeploymentPostprocessing = 0;
		};
		36A718FB1D5B0AC100DC35F5 /* Frameworks */ = {
			isa = PBXFrameworksBuildPhase;
			buildActionMask = 2147483647;
			files = (
			);
			runOnlyForDeploymentPostprocessing = 0;
		};
		36C48C9E1CF8701A0071804F /* Frameworks */ = {
			isa = PBXFrameworksBuildPhase;
			buildActionMask = 2147483647;
			files = (
				36A719361D5B0F0300DC35F5 /* lwip.framework in Frameworks */,
			);
			runOnlyForDeploymentPostprocessing = 0;
		};
/* End PBXFrameworksBuildPhase section */

/* Begin PBXGroup section */
		3642C9F41CEDCC60001E0AAF = {
			isa = PBXGroup;
			children = (
				EA2A56141F6934D000AB1EDD /* lwip */,
				3642C9FF1CEDCC60001E0AAF /* Products */,
				36A719001D5B0AC100DC35F5 /* lwip-iOS */,
				36A718F91D5B0AA400DC35F5 /* lwip-macOS */,
				3642CA001CEDCC60001E0AAF /* tun2socks */,
				36C48CA31CF8701A0071804F /* tun2socks-iOS */,
				368225B41D114ADF00E7B495 /* tun2socks-macOS */,
				36C48C9C1CF8667F0071804F /* README.md */,
			);
			sourceTree = "<group>";
		};
		3642C9FF1CEDCC60001E0AAF /* Products */ = {
			isa = PBXGroup;
			children = (
				3642C9FE1CEDCC60001E0AAF /* tun2socks.framework */,
				36C48CA21CF8701A0071804F /* tun2socks.framework */,
				36A718F11D5B0A1B00DC35F5 /* lwip.framework */,
				36A718FF1D5B0AC100DC35F5 /* lwip.framework */,
			);
			name = Products;
			sourceTree = "<group>";
		};
		3642CA001CEDCC60001E0AAF /* tun2socks */ = {
			isa = PBXGroup;
			children = (
				36BC58521CEF514200E0E367 /* TSIPStack.swift */,
				36E702791CEEEB57002C2421 /* TSTCPSocket.swift */,
			);
			path = tun2socks;
			sourceTree = "<group>";
		};
		368225B41D114ADF00E7B495 /* tun2socks-macOS */ = {
			isa = PBXGroup;
			children = (
				3642CA031CEDCC60001E0AAF /* Info.plist */,
				3642CA011CEDCC60001E0AAF /* tun2socks.h */,
			);
			path = "tun2socks-macOS";
			sourceTree = "<group>";
		};
		36A718F91D5B0AA400DC35F5 /* lwip-macOS */ = {
			isa = PBXGroup;
			children = (
				36A718F51D5B0A1B00DC35F5 /* Info.plist */,
			);
			path = "lwip-macOS";
			sourceTree = "<group>";
		};
		36A719001D5B0AC100DC35F5 /* lwip-iOS */ = {
			isa = PBXGroup;
			children = (
				36A719031D5B0AC100DC35F5 /* Info.plist */,
			);
			path = "lwip-iOS";
			sourceTree = "<group>";
		};
		36C48CA31CF8701A0071804F /* tun2socks-iOS */ = {
			isa = PBXGroup;
			children = (
				36C48CA61CF8701A0071804F /* Info.plist */,
				36C48CA41CF8701A0071804F /* tun2socks-ios.h */,
			);
			path = "tun2socks-iOS";
			sourceTree = "<group>";
		};
		EA2A56141F6934D000AB1EDD /* lwip */ = {
			isa = PBXGroup;
			children = (
				EA2A56151F6934D000AB1EDD /* CHANGELOG */,
				EA2A56161F6934D000AB1EDD /* compat.h */,
				EA2A56171F6934D000AB1EDD /* COPYING */,
				EA2A56181F6934D000AB1EDD /* custom */,
				EA2A561E1F6934D000AB1EDD /* FILES */,
				EA2A561F1F6934D000AB1EDD /* include */,
				EA2A56591F6934D000AB1EDD /* lwip.h */,
				EA2A565A1F6934D000AB1EDD /* lwipopts.h */,
				EA2A565B1F6934D000AB1EDD /* README */,
				EA2A565C1F6934D000AB1EDD /* src */,
				EA2A56B21F6934D000AB1EDD /* UPGRADING */,
			);
			path = lwip;
			sourceTree = "<group>";
		};
		EA2A56181F6934D000AB1EDD /* custom */ = {
			isa = PBXGroup;
			children = (
				EA2A56191F6934D000AB1EDD /* include */,
			);
			path = custom;
			sourceTree = "<group>";
		};
		EA2A56191F6934D000AB1EDD /* include */ = {
			isa = PBXGroup;
			children = (
				EA2A561A1F6934D000AB1EDD /* arch */,
			);
			path = include;
			sourceTree = "<group>";
		};
		EA2A561A1F6934D000AB1EDD /* arch */ = {
			isa = PBXGroup;
			children = (
				EA2A561B1F6934D000AB1EDD /* cc.h */,
				EA2A561C1F6934D000AB1EDD /* perf.h */,
				EA2A561D1F6934D000AB1EDD /* sys_arch.h */,
			);
			path = arch;
			sourceTree = "<group>";
		};
		EA2A561F1F6934D000AB1EDD /* include */ = {
			isa = PBXGroup;
			children = (
				EA2A56201F6934D000AB1EDD /* ipv4 */,
				EA2A562A1F6934D000AB1EDD /* ipv6 */,
				EA2A56301F6934D000AB1EDD /* lwip */,
				EA2A56511F6934D000AB1EDD /* netif */,
				EA2A56551F6934D000AB1EDD /* posix */,
			);
			path = include;
			sourceTree = "<group>";
		};
		EA2A56201F6934D000AB1EDD /* ipv4 */ = {
			isa = PBXGroup;
			children = (
				EA2A56211F6934D000AB1EDD /* lwip */,
			);
			path = ipv4;
			sourceTree = "<group>";
		};
		EA2A56211F6934D000AB1EDD /* lwip */ = {
			isa = PBXGroup;
			children = (
				EA2A56221F6934D000AB1EDD /* autoip.h */,
				EA2A56231F6934D000AB1EDD /* icmp.h */,
				EA2A56241F6934D000AB1EDD /* igmp.h */,
				EA2A56251F6934D000AB1EDD /* inet.h */,
				EA2A56261F6934D000AB1EDD /* inet_chksum.h */,
				EA2A56271F6934D000AB1EDD /* ip.h */,
				EA2A56281F6934D000AB1EDD /* ip_addr.h */,
				EA2A56291F6934D000AB1EDD /* ip_frag.h */,
			);
			path = lwip;
			sourceTree = "<group>";
		};
		EA2A562A1F6934D000AB1EDD /* ipv6 */ = {
			isa = PBXGroup;
			children = (
				EA2A562B1F6934D000AB1EDD /* lwip */,
			);
			path = ipv6;
			sourceTree = "<group>";
		};
		EA2A562B1F6934D000AB1EDD /* lwip */ = {
			isa = PBXGroup;
			children = (
				EA2A562C1F6934D000AB1EDD /* icmp.h */,
				EA2A562D1F6934D000AB1EDD /* inet.h */,
				EA2A562E1F6934D000AB1EDD /* ip.h */,
				EA2A562F1F6934D000AB1EDD /* ip_addr.h */,
			);
			path = lwip;
			sourceTree = "<group>";
		};
		EA2A56301F6934D000AB1EDD /* lwip */ = {
			isa = PBXGroup;
			children = (
				EA2A56311F6934D000AB1EDD /* api.h */,
				EA2A56321F6934D000AB1EDD /* api_msg.h */,
				EA2A56331F6934D000AB1EDD /* arch.h */,
				EA2A56341F6934D000AB1EDD /* debug.h */,
				EA2A56351F6934D000AB1EDD /* def.h */,
				EA2A56361F6934D000AB1EDD /* dhcp.h */,
				EA2A56371F6934D000AB1EDD /* dns.h */,
				EA2A56381F6934D000AB1EDD /* err.h */,
				EA2A56391F6934D000AB1EDD /* init.h */,
				EA2A563A1F6934D000AB1EDD /* mem.h */,
				EA2A563B1F6934D000AB1EDD /* memp.h */,
				EA2A563C1F6934D000AB1EDD /* memp_std.h */,
				EA2A563D1F6934D000AB1EDD /* netbuf.h */,
				EA2A563E1F6934D000AB1EDD /* netdb.h */,
				EA2A563F1F6934D000AB1EDD /* netif.h */,
				EA2A56401F6934D000AB1EDD /* netifapi.h */,
				EA2A56411F6934D000AB1EDD /* opt.h */,
				EA2A56421F6934D000AB1EDD /* pbuf.h */,
				EA2A56431F6934D000AB1EDD /* raw.h */,
				EA2A56441F6934D000AB1EDD /* sio.h */,
				EA2A56451F6934D000AB1EDD /* snmp.h */,
				EA2A56461F6934D000AB1EDD /* snmp_asn1.h */,
				EA2A56471F6934D000AB1EDD /* snmp_msg.h */,
				EA2A56481F6934D000AB1EDD /* snmp_structs.h */,
				EA2A56491F6934D000AB1EDD /* sockets.h */,
				EA2A564A1F6934D000AB1EDD /* stats.h */,
				EA2A564B1F6934D000AB1EDD /* sys.h */,
				EA2A564C1F6934D000AB1EDD /* tcp.h */,
				EA2A564D1F6934D000AB1EDD /* tcp_impl.h */,
				EA2A564E1F6934D000AB1EDD /* tcpip.h */,
				EA2A564F1F6934D000AB1EDD /* timers.h */,
				EA2A56501F6934D000AB1EDD /* udp.h */,
			);
			path = lwip;
			sourceTree = "<group>";
		};
		EA2A56511F6934D000AB1EDD /* netif */ = {
			isa = PBXGroup;
			children = (
				EA2A56521F6934D000AB1EDD /* etharp.h */,
				EA2A56531F6934D000AB1EDD /* ppp_oe.h */,
				EA2A56541F6934D000AB1EDD /* slipif.h */,
			);
			path = netif;
			sourceTree = "<group>";
		};
		EA2A56551F6934D000AB1EDD /* posix */ = {
			isa = PBXGroup;
			children = (
				EA2A56561F6934D000AB1EDD /* netdb.h */,
				EA2A56571F6934D000AB1EDD /* sys */,
			);
			path = posix;
			sourceTree = "<group>";
		};
		EA2A56571F6934D000AB1EDD /* sys */ = {
			isa = PBXGroup;
			children = (
				EA2A56581F6934D000AB1EDD /* socket.h */,
			);
			path = sys;
			sourceTree = "<group>";
		};
		EA2A565C1F6934D000AB1EDD /* src */ = {
			isa = PBXGroup;
			children = (
				EA2A565D1F6934D000AB1EDD /* api */,
				EA2A56661F6934D000AB1EDD /* core */,
				EA2A568D1F6934D000AB1EDD /* darwin */,
				EA2A56901F6934D000AB1EDD /* FILES */,
				EA2A56911F6934D000AB1EDD /* netif */,
			);
			path = src;
			sourceTree = "<group>";
		};
		EA2A565D1F6934D000AB1EDD /* api */ = {
			isa = PBXGroup;
			children = (
				EA2A565E1F6934D000AB1EDD /* api_lib.c */,
				EA2A565F1F6934D000AB1EDD /* api_msg.c */,
				EA2A56601F6934D000AB1EDD /* err.c */,
				EA2A56611F6934D000AB1EDD /* netbuf.c */,
				EA2A56621F6934D000AB1EDD /* netdb.c */,
				EA2A56631F6934D000AB1EDD /* netifapi.c */,
				EA2A56641F6934D000AB1EDD /* sockets.c */,
				EA2A56651F6934D000AB1EDD /* tcpip.c */,
			);
			path = api;
			sourceTree = "<group>";
		};
		EA2A56661F6934D000AB1EDD /* core */ = {
			isa = PBXGroup;
			children = (
				EA2A56671F6934D000AB1EDD /* def.c */,
				EA2A56681F6934D000AB1EDD /* dhcp.c */,
				EA2A56691F6934D000AB1EDD /* dns.c */,
				EA2A566A1F6934D000AB1EDD /* init.c */,
				EA2A566B1F6934D000AB1EDD /* ipv4 */,
				EA2A56741F6934D000AB1EDD /* ipv6 */,
				EA2A567A1F6934D000AB1EDD /* mem.c */,
				EA2A567B1F6934D000AB1EDD /* memp.c */,
				EA2A567C1F6934D000AB1EDD /* netif.c */,
				EA2A567D1F6934D000AB1EDD /* pbuf.c */,
				EA2A567E1F6934D000AB1EDD /* raw.c */,
				EA2A567F1F6934D000AB1EDD /* snmp */,
				EA2A56861F6934D000AB1EDD /* stats.c */,
				EA2A56871F6934D000AB1EDD /* sys.c */,
				EA2A56881F6934D000AB1EDD /* tcp.c */,
				EA2A56891F6934D000AB1EDD /* tcp_in.c */,
				EA2A568A1F6934D000AB1EDD /* tcp_out.c */,
				EA2A568B1F6934D000AB1EDD /* timers.c */,
				EA2A568C1F6934D000AB1EDD /* udp.c */,
			);
			path = core;
			sourceTree = "<group>";
		};
		EA2A566B1F6934D000AB1EDD /* ipv4 */ = {
			isa = PBXGroup;
			children = (
				EA2A566C1F6934D000AB1EDD /* autoip.c */,
				EA2A566D1F6934D000AB1EDD /* icmp.c */,
				EA2A566E1F6934D000AB1EDD /* igmp.c */,
				EA2A566F1F6934D000AB1EDD /* inet.c */,
				EA2A56701F6934D000AB1EDD /* inet_chksum.c */,
				EA2A56711F6934D000AB1EDD /* ip.c */,
				EA2A56721F6934D000AB1EDD /* ip_addr.c */,
				EA2A56731F6934D000AB1EDD /* ip_frag.c */,
			);
			path = ipv4;
			sourceTree = "<group>";
		};
		EA2A56741F6934D000AB1EDD /* ipv6 */ = {
			isa = PBXGroup;
			children = (
				EA2A56751F6934D000AB1EDD /* icmp6.c */,
				EA2A56761F6934D000AB1EDD /* inet6.c */,
				EA2A56771F6934D000AB1EDD /* ip6.c */,
				EA2A56781F6934D000AB1EDD /* ip6_addr.c */,
				EA2A56791F6934D000AB1EDD /* README */,
			);
			path = ipv6;
			sourceTree = "<group>";
		};
		EA2A567F1F6934D000AB1EDD /* snmp */ = {
			isa = PBXGroup;
			children = (
				EA2A56801F6934D000AB1EDD /* asn1_dec.c */,
				EA2A56811F6934D000AB1EDD /* asn1_enc.c */,
				EA2A56821F6934D000AB1EDD /* mib2.c */,
				EA2A56831F6934D000AB1EDD /* mib_structs.c */,
				EA2A56841F6934D000AB1EDD /* msg_in.c */,
				EA2A56851F6934D000AB1EDD /* msg_out.c */,
			);
			path = snmp;
			sourceTree = "<group>";
		};
		EA2A568D1F6934D000AB1EDD /* darwin */ = {
			isa = PBXGroup;
			children = (
				EA2A568E1F6934D000AB1EDD /* compat.c */,
				EA2A568F1F6934D000AB1EDD /* sys_arch.c */,
			);
			path = darwin;
			sourceTree = "<group>";
		};
		EA2A56911F6934D000AB1EDD /* netif */ = {
			isa = PBXGroup;
			children = (
				EA2A56921F6934D000AB1EDD /* etharp.c */,
				EA2A56931F6934D000AB1EDD /* ethernetif.c */,
				EA2A56941F6934D000AB1EDD /* FILES */,
				EA2A56951F6934D000AB1EDD /* ppp */,
				EA2A56B11F6934D000AB1EDD /* slipif.c */,
			);
			path = netif;
			sourceTree = "<group>";
		};
		EA2A56951F6934D000AB1EDD /* ppp */ = {
			isa = PBXGroup;
			children = (
				EA2A56961F6934D000AB1EDD /* auth.c */,
				EA2A56971F6934D000AB1EDD /* auth.h */,
				EA2A56981F6934D000AB1EDD /* chap.c */,
				EA2A56991F6934D000AB1EDD /* chap.h */,
				EA2A569A1F6934D000AB1EDD /* chpms.c */,
				EA2A569B1F6934D000AB1EDD /* chpms.h */,
				EA2A569C1F6934D000AB1EDD /* fsm.c */,
				EA2A569D1F6934D000AB1EDD /* fsm.h */,
				EA2A569E1F6934D000AB1EDD /* ipcp.c */,
				EA2A569F1F6934D000AB1EDD /* ipcp.h */,
				EA2A56A01F6934D000AB1EDD /* lcp.c */,
				EA2A56A11F6934D000AB1EDD /* lcp.h */,
				EA2A56A21F6934D000AB1EDD /* magic.c */,
				EA2A56A31F6934D000AB1EDD /* magic.h */,
				EA2A56A41F6934D000AB1EDD /* md5.c */,
				EA2A56A51F6934D000AB1EDD /* md5.h */,
				EA2A56A61F6934D000AB1EDD /* pap.c */,
				EA2A56A71F6934D000AB1EDD /* pap.h */,
				EA2A56A81F6934D000AB1EDD /* ppp.c */,
				EA2A56A91F6934D000AB1EDD /* ppp.h */,
				EA2A56AA1F6934D000AB1EDD /* ppp_impl.h */,
				EA2A56AB1F6934D000AB1EDD /* ppp_oe.c */,
				EA2A56AC1F6934D000AB1EDD /* pppdebug.h */,
				EA2A56AD1F6934D000AB1EDD /* randm.c */,
				EA2A56AE1F6934D000AB1EDD /* randm.h */,
				EA2A56AF1F6934D000AB1EDD /* vj.c */,
				EA2A56B01F6934D000AB1EDD /* vj.h */,
			);
			path = ppp;
			sourceTree = "<group>";
		};
/* End PBXGroup section */

/* Begin PBXHeadersBuildPhase section */
		3642C9FB1CEDCC60001E0AAF /* Headers */ = {
			isa = PBXHeadersBuildPhase;
			buildActionMask = 2147483647;
			files = (
				36E44A001CF2EA9500185DBF /* tun2socks.h in Headers */,
				EA2A58501F69384400AB1EDD /* autoip.h in Headers */,
				EA2A58511F69384400AB1EDD /* icmp.h in Headers */,
				EA2A58521F69384400AB1EDD /* igmp.h in Headers */,
				EA2A58531F69384400AB1EDD /* inet.h in Headers */,
				EA2A58541F69384400AB1EDD /* inet_chksum.h in Headers */,
				EA2A58551F69384400AB1EDD /* ip.h in Headers */,
				EA2A58561F69384400AB1EDD /* ip_addr.h in Headers */,
				EA2A58571F69384400AB1EDD /* ip_frag.h in Headers */,
				EA2A582F1F69381000AB1EDD /* api.h in Headers */,
				EA2A58301F69381000AB1EDD /* api_msg.h in Headers */,
				EA2A58311F69381000AB1EDD /* arch.h in Headers */,
				EA2A58321F69381000AB1EDD /* debug.h in Headers */,
				EA2A58331F69381000AB1EDD /* def.h in Headers */,
				EA2A58341F69381000AB1EDD /* dhcp.h in Headers */,
				EA2A58351F69381000AB1EDD /* dns.h in Headers */,
				EA2A58361F69381000AB1EDD /* err.h in Headers */,
				EA2A58371F69381000AB1EDD /* init.h in Headers */,
				EA2A58381F69381000AB1EDD /* mem.h in Headers */,
				EA2A58391F69381000AB1EDD /* memp.h in Headers */,
				EA2A583A1F69381000AB1EDD /* memp_std.h in Headers */,
				EA2A583B1F69381000AB1EDD /* netbuf.h in Headers */,
				EA2A583C1F69381000AB1EDD /* netdb.h in Headers */,
				EA2A583D1F69381000AB1EDD /* netif.h in Headers */,
				EA2A583E1F69381000AB1EDD /* netifapi.h in Headers */,
				EA2A583F1F69381000AB1EDD /* opt.h in Headers */,
				EA2A58401F69381000AB1EDD /* pbuf.h in Headers */,
				EA2A58411F69381000AB1EDD /* raw.h in Headers */,
				EA2A58421F69381000AB1EDD /* sio.h in Headers */,
				EA2A58431F69381000AB1EDD /* snmp.h in Headers */,
				EA2A58441F69381000AB1EDD /* snmp_asn1.h in Headers */,
				EA2A58451F69381000AB1EDD /* snmp_msg.h in Headers */,
				EA2A58461F69381000AB1EDD /* snmp_structs.h in Headers */,
				EA2A58471F69381000AB1EDD /* sockets.h in Headers */,
				EA2A58481F69381000AB1EDD /* stats.h in Headers */,
				EA2A58491F69381000AB1EDD /* sys.h in Headers */,
				EA2A584A1F69381000AB1EDD /* tcp.h in Headers */,
				EA2A584B1F69381000AB1EDD /* tcp_impl.h in Headers */,
				EA2A584C1F69381000AB1EDD /* tcpip.h in Headers */,
				EA2A584D1F69381000AB1EDD /* timers.h in Headers */,
				EA2A584E1F69381000AB1EDD /* udp.h in Headers */,
				EA2A584F1F69381000AB1EDD /* lwipopts.h in Headers */,
				EA2A582E1F6937D500AB1EDD /* compat.h in Headers */,
			);
			runOnlyForDeploymentPostprocessing = 0;
		};
		36A718EE1D5B0A1B00DC35F5 /* Headers */ = {
			isa = PBXHeadersBuildPhase;
			buildActionMask = 2147483647;
			files = (
				EA2A58131F69374D00AB1EDD /* lwip.h in Headers */,
				EA2A58101F69374300AB1EDD /* cc.h in Headers */,
				EA2A58111F69374300AB1EDD /* perf.h in Headers */,
				EA2A58121F69374300AB1EDD /* sys_arch.h in Headers */,
			);
			runOnlyForDeploymentPostprocessing = 0;
		};
		36A718FC1D5B0AC100DC35F5 /* Headers */ = {
			isa = PBXHeadersBuildPhase;
			buildActionMask = 2147483647;
			files = (
				EA2A57C51F69359B00AB1EDD /* lwip.h in Headers */,
				EA2A57E01F69362700AB1EDD /* cc.h in Headers */,
				EA2A57E11F69362700AB1EDD /* perf.h in Headers */,
				EA2A57E21F69362700AB1EDD /* sys_arch.h in Headers */,
			);
			runOnlyForDeploymentPostprocessing = 0;
		};
		36C48C9F1CF8701A0071804F /* Headers */ = {
			isa = PBXHeadersBuildPhase;
			buildActionMask = 2147483647;
			files = (
				36C48CA51CF8701A0071804F /* tun2socks-ios.h in Headers */,
				EA2A57E61F6936A200AB1EDD /* compat.h in Headers */,
				EA2A57E71F6936A200AB1EDD /* autoip.h in Headers */,
				EA2A57E81F6936A200AB1EDD /* icmp.h in Headers */,
				EA2A57E91F6936A200AB1EDD /* igmp.h in Headers */,
				EA2A57EA1F6936A200AB1EDD /* inet.h in Headers */,
				EA2A57EB1F6936A200AB1EDD /* inet_chksum.h in Headers */,
				EA2A57EC1F6936A200AB1EDD /* ip.h in Headers */,
				EA2A57ED1F6936A200AB1EDD /* ip_addr.h in Headers */,
				EA2A57EE1F6936A200AB1EDD /* ip_frag.h in Headers */,
				EA2A57EF1F6936A200AB1EDD /* api.h in Headers */,
				EA2A57F01F6936A200AB1EDD /* api_msg.h in Headers */,
				EA2A57F11F6936A200AB1EDD /* arch.h in Headers */,
				EA2A57F21F6936A200AB1EDD /* debug.h in Headers */,
				EA2A57F31F6936A200AB1EDD /* def.h in Headers */,
				EA2A57F41F6936A200AB1EDD /* dhcp.h in Headers */,
				EA2A57F51F6936A200AB1EDD /* dns.h in Headers */,
				EA2A57F61F6936A200AB1EDD /* err.h in Headers */,
				EA2A57F71F6936A200AB1EDD /* init.h in Headers */,
				EA2A57F81F6936A200AB1EDD /* mem.h in Headers */,
				EA2A57F91F6936A200AB1EDD /* memp.h in Headers */,
				EA2A57FA1F6936A200AB1EDD /* memp_std.h in Headers */,
				EA2A57FB1F6936A200AB1EDD /* netbuf.h in Headers */,
				EA2A57FC1F6936A200AB1EDD /* netdb.h in Headers */,
				EA2A57FD1F6936A200AB1EDD /* netif.h in Headers */,
				EA2A57FE1F6936A200AB1EDD /* netifapi.h in Headers */,
				EA2A57FF1F6936A200AB1EDD /* opt.h in Headers */,
				EA2A58001F6936A200AB1EDD /* pbuf.h in Headers */,
				EA2A58011F6936A200AB1EDD /* raw.h in Headers */,
				EA2A58021F6936A200AB1EDD /* sio.h in Headers */,
				EA2A58031F6936A200AB1EDD /* snmp.h in Headers */,
				EA2A58041F6936A200AB1EDD /* snmp_asn1.h in Headers */,
				EA2A58051F6936A200AB1EDD /* snmp_msg.h in Headers */,
				EA2A58061F6936A200AB1EDD /* snmp_structs.h in Headers */,
				EA2A58071F6936A200AB1EDD /* sockets.h in Headers */,
				EA2A58081F6936A200AB1EDD /* stats.h in Headers */,
				EA2A58091F6936A200AB1EDD /* sys.h in Headers */,
				EA2A580A1F6936A200AB1EDD /* tcp.h in Headers */,
				EA2A580B1F6936A200AB1EDD /* tcp_impl.h in Headers */,
				EA2A580C1F6936A200AB1EDD /* tcpip.h in Headers */,
				EA2A580D1F6936A200AB1EDD /* timers.h in Headers */,
				EA2A580E1F6936A200AB1EDD /* udp.h in Headers */,
				EA2A580F1F6936A200AB1EDD /* lwipopts.h in Headers */,
			);
			runOnlyForDeploymentPostprocessing = 0;
		};
/* End PBXHeadersBuildPhase section */

/* Begin PBXNativeTarget section */
		3642C9FD1CEDCC60001E0AAF /* tun2socks-macOS */ = {
			isa = PBXNativeTarget;
			buildConfigurationList = 3642CA061CEDCC60001E0AAF /* Build configuration list for PBXNativeTarget "tun2socks-macOS" */;
			buildPhases = (
				3642C9F91CEDCC60001E0AAF /* Sources */,
				3642C9FA1CEDCC60001E0AAF /* Frameworks */,
				3642C9FB1CEDCC60001E0AAF /* Headers */,
				3642C9FC1CEDCC60001E0AAF /* Resources */,
			);
			buildRules = (
			);
			dependencies = (
				36A719081D5B0B0100DC35F5 /* PBXTargetDependency */,
			);
			name = "tun2socks-macOS";
			productName = tun2socks;
			productReference = 3642C9FE1CEDCC60001E0AAF /* tun2socks.framework */;
			productType = "com.apple.product-type.framework";
		};
		36A718F01D5B0A1B00DC35F5 /* lwip-macOS */ = {
			isa = PBXNativeTarget;
			buildConfigurationList = 36A718F81D5B0A1B00DC35F5 /* Build configuration list for PBXNativeTarget "lwip-macOS" */;
			buildPhases = (
				36A718EC1D5B0A1B00DC35F5 /* Sources */,
				36A718ED1D5B0A1B00DC35F5 /* Frameworks */,
				36A718EE1D5B0A1B00DC35F5 /* Headers */,
				36A718EF1D5B0A1B00DC35F5 /* Resources */,
			);
			buildRules = (
			);
			dependencies = (
			);
			name = "lwip-macOS";
			productName = lwip;
			productReference = 36A718F11D5B0A1B00DC35F5 /* lwip.framework */;
			productType = "com.apple.product-type.framework";
		};
		36A718FE1D5B0AC100DC35F5 /* lwip-iOS */ = {
			isa = PBXNativeTarget;
			buildConfigurationList = 36A719041D5B0AC100DC35F5 /* Build configuration list for PBXNativeTarget "lwip-iOS" */;
			buildPhases = (
				36A718FA1D5B0AC100DC35F5 /* Sources */,
				36A718FB1D5B0AC100DC35F5 /* Frameworks */,
				36A718FC1D5B0AC100DC35F5 /* Headers */,
				36A718FD1D5B0AC100DC35F5 /* Resources */,
			);
			buildRules = (
			);
			dependencies = (
			);
			name = "lwip-iOS";
			productName = "lwip-iOS";
			productReference = 36A718FF1D5B0AC100DC35F5 /* lwip.framework */;
			productType = "com.apple.product-type.framework";
		};
		36C48CA11CF8701A0071804F /* tun2socks-iOS */ = {
			isa = PBXNativeTarget;
			buildConfigurationList = 36C48CA71CF8701A0071804F /* Build configuration list for PBXNativeTarget "tun2socks-iOS" */;
			buildPhases = (
				36C48C9D1CF8701A0071804F /* Sources */,
				36C48C9E1CF8701A0071804F /* Frameworks */,
				36C48C9F1CF8701A0071804F /* Headers */,
				36C48CA01CF8701A0071804F /* Resources */,
			);
			buildRules = (
			);
			dependencies = (
				36A7190A1D5B0B0800DC35F5 /* PBXTargetDependency */,
			);
			name = "tun2socks-iOS";
			productName = "tun2socks-ios";
			productReference = 36C48CA21CF8701A0071804F /* tun2socks.framework */;
			productType = "com.apple.product-type.framework";
		};
/* End PBXNativeTarget section */

/* Begin PBXProject section */
		3642C9F51CEDCC60001E0AAF /* Project object */ = {
			isa = PBXProject;
			attributes = {
				LastUpgradeCheck = 0810;
				ORGANIZATIONNAME = "Zhuhao Wang";
				TargetAttributes = {
					3642C9FD1CEDCC60001E0AAF = {
						CreatedOnToolsVersion = 7.3.1;
						LastSwiftMigration = 0810;
					};
					36A718F01D5B0A1B00DC35F5 = {
						CreatedOnToolsVersion = 7.3.1;
						LastSwiftMigration = 0810;
					};
					36A718FE1D5B0AC100DC35F5 = {
						CreatedOnToolsVersion = 7.3.1;
						LastSwiftMigration = 0810;
					};
					36C48CA11CF8701A0071804F = {
						CreatedOnToolsVersion = 7.3.1;
						LastSwiftMigration = 0810;
					};
				};
			};
			buildConfigurationList = 3642C9F81CEDCC60001E0AAF /* Build configuration list for PBXProject "tun2socks" */;
			compatibilityVersion = "Xcode 3.2";
			developmentRegion = English;
			hasScannedForEncodings = 0;
			knownRegions = (
				en,
			);
			mainGroup = 3642C9F41CEDCC60001E0AAF;
			productRefGroup = 3642C9FF1CEDCC60001E0AAF /* Products */;
			projectDirPath = "";
			projectRoot = "";
			targets = (
				3642C9FD1CEDCC60001E0AAF /* tun2socks-macOS */,
				36C48CA11CF8701A0071804F /* tun2socks-iOS */,
				36A718F01D5B0A1B00DC35F5 /* lwip-macOS */,
				36A718FE1D5B0AC100DC35F5 /* lwip-iOS */,
			);
		};
/* End PBXProject section */

/* Begin PBXResourcesBuildPhase section */
		3642C9FC1CEDCC60001E0AAF /* Resources */ = {
			isa = PBXResourcesBuildPhase;
			buildActionMask = 2147483647;
			files = (
			);
			runOnlyForDeploymentPostprocessing = 0;
		};
		36A718EF1D5B0A1B00DC35F5 /* Resources */ = {
			isa = PBXResourcesBuildPhase;
			buildActionMask = 2147483647;
			files = (
			);
			runOnlyForDeploymentPostprocessing = 0;
		};
		36A718FD1D5B0AC100DC35F5 /* Resources */ = {
			isa = PBXResourcesBuildPhase;
			buildActionMask = 2147483647;
			files = (
			);
			runOnlyForDeploymentPostprocessing = 0;
		};
		36C48CA01CF8701A0071804F /* Resources */ = {
			isa = PBXResourcesBuildPhase;
			buildActionMask = 2147483647;
			files = (
			);
			runOnlyForDeploymentPostprocessing = 0;
		};
/* End PBXResourcesBuildPhase section */

/* Begin PBXSourcesBuildPhase section */
		3642C9F91CEDCC60001E0AAF /* Sources */ = {
			isa = PBXSourcesBuildPhase;
			buildActionMask = 2147483647;
			files = (
				36E7027A1CEEEB57002C2421 /* TSTCPSocket.swift in Sources */,
				36BC58531CEF514200E0E367 /* TSIPStack.swift in Sources */,
			);
			runOnlyForDeploymentPostprocessing = 0;
		};
		36A718EC1D5B0A1B00DC35F5 /* Sources */ = {
			isa = PBXSourcesBuildPhase;
			buildActionMask = 2147483647;
			files = (
				EA2A58141F6937AF00AB1EDD /* def.c in Sources */,
				EA2A58151F6937AF00AB1EDD /* dhcp.c in Sources */,
				EA2A58161F6937AF00AB1EDD /* dns.c in Sources */,
				EA2A58171F6937AF00AB1EDD /* init.c in Sources */,
				EA2A58181F6937AF00AB1EDD /* autoip.c in Sources */,
				EA2A58191F6937AF00AB1EDD /* icmp.c in Sources */,
				EA2A581A1F6937AF00AB1EDD /* igmp.c in Sources */,
				EA2A581B1F6937AF00AB1EDD /* inet.c in Sources */,
				EA2A581C1F6937AF00AB1EDD /* inet_chksum.c in Sources */,
				EA2A581D1F6937AF00AB1EDD /* ip.c in Sources */,
				EA2A581E1F6937AF00AB1EDD /* ip_addr.c in Sources */,
				EA2A581F1F6937AF00AB1EDD /* ip_frag.c in Sources */,
				EA2A58201F6937AF00AB1EDD /* mem.c in Sources */,
				EA2A58211F6937AF00AB1EDD /* memp.c in Sources */,
				EA2A58221F6937AF00AB1EDD /* netif.c in Sources */,
				EA2A58231F6937AF00AB1EDD /* pbuf.c in Sources */,
				EA2A58241F6937AF00AB1EDD /* raw.c in Sources */,
				EA2A58251F6937AF00AB1EDD /* stats.c in Sources */,
				EA2A58261F6937AF00AB1EDD /* sys.c in Sources */,
				EA2A58271F6937AF00AB1EDD /* tcp.c in Sources */,
				EA2A58281F6937AF00AB1EDD /* tcp_in.c in Sources */,
				EA2A58291F6937AF00AB1EDD /* tcp_out.c in Sources */,
				EA2A582A1F6937AF00AB1EDD /* timers.c in Sources */,
				EA2A582B1F6937AF00AB1EDD /* udp.c in Sources */,
				EA2A582C1F6937AF00AB1EDD /* compat.c in Sources */,
				EA2A582D1F6937AF00AB1EDD /* sys_arch.c in Sources */,
			);
			runOnlyForDeploymentPostprocessing = 0;
		};
		36A718FA1D5B0AC100DC35F5 /* Sources */ = {
			isa = PBXSourcesBuildPhase;
			buildActionMask = 2147483647;
			files = (
				EA2A57C81F69361700AB1EDD /* def.c in Sources */,
				EA2A57C91F69361700AB1EDD /* dhcp.c in Sources */,
				EA2A57CA1F69361700AB1EDD /* dns.c in Sources */,
				EA2A57CB1F69361700AB1EDD /* init.c in Sources */,
				EA2A57CC1F69361700AB1EDD /* autoip.c in Sources */,
				EA2A57CD1F69361700AB1EDD /* icmp.c in Sources */,
				EA2A57CE1F69361700AB1EDD /* igmp.c in Sources */,
				EA2A57CF1F69361700AB1EDD /* inet.c in Sources */,
				EA2A57D01F69361700AB1EDD /* inet_chksum.c in Sources */,
				EA2A57D11F69361700AB1EDD /* ip.c in Sources */,
				EA2A57D21F69361700AB1EDD /* ip_addr.c in Sources */,
				EA2A57D31F69361700AB1EDD /* ip_frag.c in Sources */,
				EA2A57D41F69361700AB1EDD /* mem.c in Sources */,
				EA2A57D51F69361700AB1EDD /* memp.c in Sources */,
				EA2A57D61F69361700AB1EDD /* netif.c in Sources */,
				EA2A57D71F69361700AB1EDD /* pbuf.c in Sources */,
				EA2A57D81F69361700AB1EDD /* raw.c in Sources */,
				EA2A57D91F69361700AB1EDD /* stats.c in Sources */,
				EA2A57DA1F69361700AB1EDD /* sys.c in Sources */,
				EA2A57DB1F69361700AB1EDD /* tcp.c in Sources */,
				EA2A57DC1F69361700AB1EDD /* tcp_in.c in Sources */,
				EA2A57DD1F69361700AB1EDD /* tcp_out.c in Sources */,
				EA2A57DE1F69361700AB1EDD /* timers.c in Sources */,
				EA2A57DF1F69361700AB1EDD /* udp.c in Sources */,
				EA2A57C61F6935C000AB1EDD /* compat.c in Sources */,
				EA2A57C71F6935C000AB1EDD /* sys_arch.c in Sources */,
			);
			runOnlyForDeploymentPostprocessing = 0;
		};
		36C48C9D1CF8701A0071804F /* Sources */ = {
			isa = PBXSourcesBuildPhase;
			buildActionMask = 2147483647;
			files = (
				36C48CC11CF8706F0071804F /* TSIPStack.swift in Sources */,
				36C48CC21CF8706F0071804F /* TSTCPSocket.swift in Sources */,
			);
			runOnlyForDeploymentPostprocessing = 0;
		};
/* End PBXSourcesBuildPhase section */

/* Begin PBXTargetDependency section */
		36A719081D5B0B0100DC35F5 /* PBXTargetDependency */ = {
			isa = PBXTargetDependency;
			target = 36A718F01D5B0A1B00DC35F5 /* lwip-macOS */;
			targetProxy = 36A719071D5B0B0100DC35F5 /* PBXContainerItemProxy */;
		};
		36A7190A1D5B0B0800DC35F5 /* PBXTargetDependency */ = {
			isa = PBXTargetDependency;
			target = 36A718FE1D5B0AC100DC35F5 /* lwip-iOS */;
			targetProxy = 36A719091D5B0B0800DC35F5 /* PBXContainerItemProxy */;
		};
/* End PBXTargetDependency section */

/* Begin XCBuildConfiguration section */
		3642CA041CEDCC60001E0AAF /* Debug */ = {
			isa = XCBuildConfiguration;
			buildSettings = {
				ALWAYS_SEARCH_USER_PATHS = NO;
				CLANG_ANALYZER_NONNULL = YES;
				CLANG_CXX_LANGUAGE_STANDARD = "gnu++0x";
				CLANG_CXX_LIBRARY = "libc++";
				CLANG_ENABLE_MODULES = YES;
				CLANG_ENABLE_OBJC_ARC = YES;
				CLANG_WARN_BOOL_CONVERSION = YES;
				CLANG_WARN_CONSTANT_CONVERSION = YES;
				CLANG_WARN_DIRECT_OBJC_ISA_USAGE = YES_ERROR;
				CLANG_WARN_EMPTY_BODY = YES;
				CLANG_WARN_ENUM_CONVERSION = YES;
				CLANG_WARN_INFINITE_RECURSION = YES;
				CLANG_WARN_INT_CONVERSION = YES;
				CLANG_WARN_OBJC_ROOT_CLASS = YES_ERROR;
				CLANG_WARN_SUSPICIOUS_MOVE = YES;
				CLANG_WARN_UNREACHABLE_CODE = YES;
				CLANG_WARN__DUPLICATE_METHOD_MATCH = YES;
				CODE_SIGN_IDENTITY = "-";
				COPY_PHASE_STRIP = NO;
				CURRENT_PROJECT_VERSION = 1;
				DEBUG_INFORMATION_FORMAT = dwarf;
				ENABLE_STRICT_OBJC_MSGSEND = YES;
				ENABLE_TESTABILITY = YES;
				GCC_C_LANGUAGE_STANDARD = gnu99;
				GCC_DYNAMIC_NO_PIC = NO;
				GCC_NO_COMMON_BLOCKS = YES;
				GCC_OPTIMIZATION_LEVEL = 0;
				GCC_PREPROCESSOR_DEFINITIONS = (
					"DEBUG=1",
					"$(inherited)",
				);
				GCC_WARN_64_TO_32_BIT_CONVERSION = YES;
				GCC_WARN_ABOUT_RETURN_TYPE = YES_ERROR;
				GCC_WARN_UNDECLARED_SELECTOR = YES;
				GCC_WARN_UNINITIALIZED_AUTOS = YES_AGGRESSIVE;
				GCC_WARN_UNUSED_FUNCTION = YES;
				GCC_WARN_UNUSED_VARIABLE = YES;
				IPHONEOS_DEPLOYMENT_TARGET = 9.0;
				MACOSX_DEPLOYMENT_TARGET = 10.11;
				MTL_ENABLE_DEBUG_INFO = YES;
				ONLY_ACTIVE_ARCH = YES;
				SDKROOT = macosx;
				SWIFT_OPTIMIZATION_LEVEL = "-Onone";
				VERSIONING_SYSTEM = "apple-generic";
				VERSION_INFO_PREFIX = "";
			};
			name = Debug;
		};
		3642CA051CEDCC60001E0AAF /* Release */ = {
			isa = XCBuildConfiguration;
			buildSettings = {
				ALWAYS_SEARCH_USER_PATHS = NO;
				CLANG_ANALYZER_NONNULL = YES;
				CLANG_CXX_LANGUAGE_STANDARD = "gnu++0x";
				CLANG_CXX_LIBRARY = "libc++";
				CLANG_ENABLE_MODULES = YES;
				CLANG_ENABLE_OBJC_ARC = YES;
				CLANG_WARN_BOOL_CONVERSION = YES;
				CLANG_WARN_CONSTANT_CONVERSION = YES;
				CLANG_WARN_DIRECT_OBJC_ISA_USAGE = YES_ERROR;
				CLANG_WARN_EMPTY_BODY = YES;
				CLANG_WARN_ENUM_CONVERSION = YES;
				CLANG_WARN_INFINITE_RECURSION = YES;
				CLANG_WARN_INT_CONVERSION = YES;
				CLANG_WARN_OBJC_ROOT_CLASS = YES_ERROR;
				CLANG_WARN_SUSPICIOUS_MOVE = YES;
				CLANG_WARN_UNREACHABLE_CODE = YES;
				CLANG_WARN__DUPLICATE_METHOD_MATCH = YES;
				CODE_SIGN_IDENTITY = "-";
				COPY_PHASE_STRIP = NO;
				CURRENT_PROJECT_VERSION = 1;
				DEBUG_INFORMATION_FORMAT = "dwarf-with-dsym";
				ENABLE_NS_ASSERTIONS = NO;
				ENABLE_STRICT_OBJC_MSGSEND = YES;
				GCC_C_LANGUAGE_STANDARD = gnu99;
				GCC_NO_COMMON_BLOCKS = YES;
				GCC_WARN_64_TO_32_BIT_CONVERSION = YES;
				GCC_WARN_ABOUT_RETURN_TYPE = YES_ERROR;
				GCC_WARN_UNDECLARED_SELECTOR = YES;
				GCC_WARN_UNINITIALIZED_AUTOS = YES_AGGRESSIVE;
				GCC_WARN_UNUSED_FUNCTION = YES;
				GCC_WARN_UNUSED_VARIABLE = YES;
				IPHONEOS_DEPLOYMENT_TARGET = 9.0;
				MACOSX_DEPLOYMENT_TARGET = 10.11;
				MTL_ENABLE_DEBUG_INFO = NO;
				SDKROOT = macosx;
				SWIFT_OPTIMIZATION_LEVEL = "-Owholemodule";
				VERSIONING_SYSTEM = "apple-generic";
				VERSION_INFO_PREFIX = "";
			};
			name = Release;
		};
		3642CA071CEDCC60001E0AAF /* Debug */ = {
			isa = XCBuildConfiguration;
			buildSettings = {
				APPLICATION_EXTENSION_API_ONLY = YES;
				COMBINE_HIDPI_IMAGES = YES;
				DEFINES_MODULE = YES;
				DYLIB_COMPATIBILITY_VERSION = 1;
				DYLIB_CURRENT_VERSION = 1;
				DYLIB_INSTALL_NAME_BASE = "@rpath";
				FRAMEWORK_VERSION = A;
				INFOPLIST_FILE = "tun2socks-macOS/Info.plist";
				INSTALL_PATH = "$(LOCAL_LIBRARY_DIR)/Frameworks";
				LD_RUNPATH_SEARCH_PATHS = "$(inherited) @executable_path/../Frameworks @loader_path/Frameworks";
				MACOSX_DEPLOYMENT_TARGET = 10.10;
				PRODUCT_BUNDLE_IDENTIFIER = me.zhuhaow.osx.tun2socks;
				PRODUCT_NAME = "$(PROJECT_NAME)";
				SKIP_INSTALL = YES;
				SWIFT_VERSION = 3.0;
			};
			name = Debug;
		};
		3642CA081CEDCC60001E0AAF /* Release */ = {
			isa = XCBuildConfiguration;
			buildSettings = {
				APPLICATION_EXTENSION_API_ONLY = YES;
				COMBINE_HIDPI_IMAGES = YES;
				DEFINES_MODULE = YES;
				DYLIB_COMPATIBILITY_VERSION = 1;
				DYLIB_CURRENT_VERSION = 1;
				DYLIB_INSTALL_NAME_BASE = "@rpath";
				FRAMEWORK_VERSION = A;
				INFOPLIST_FILE = "tun2socks-macOS/Info.plist";
				INSTALL_PATH = "$(LOCAL_LIBRARY_DIR)/Frameworks";
				LD_RUNPATH_SEARCH_PATHS = "$(inherited) @executable_path/../Frameworks @loader_path/Frameworks";
				MACOSX_DEPLOYMENT_TARGET = 10.10;
				PRODUCT_BUNDLE_IDENTIFIER = me.zhuhaow.osx.tun2socks;
				PRODUCT_NAME = "$(PROJECT_NAME)";
				SKIP_INSTALL = YES;
				SWIFT_VERSION = 3.0;
			};
			name = Release;
		};
		36A718F61D5B0A1B00DC35F5 /* Debug */ = {
			isa = XCBuildConfiguration;
			buildSettings = {
				APPLICATION_EXTENSION_API_ONLY = YES;
				COMBINE_HIDPI_IMAGES = YES;
				DEFINES_MODULE = YES;
				DYLIB_COMPATIBILITY_VERSION = 1;
				DYLIB_CURRENT_VERSION = 1;
				DYLIB_INSTALL_NAME_BASE = "@rpath";
				FRAMEWORK_VERSION = A;
				INFOPLIST_FILE = "lwip-macOS/Info.plist";
				INSTALL_PATH = "$(LOCAL_LIBRARY_DIR)/Frameworks";
				LD_RUNPATH_SEARCH_PATHS = "$(inherited) @executable_path/../Frameworks @loader_path/Frameworks";
				MACOSX_DEPLOYMENT_TARGET = 10.10;
				PRODUCT_BUNDLE_IDENTIFIER = me.zhuhaow.osx.lwip;
				PRODUCT_NAME = lwip;
				SKIP_INSTALL = YES;
				SWIFT_VERSION = 3.0;
				USER_HEADER_SEARCH_PATHS = "$(SRCROOT)/lwip/**";
			};
			name = Debug;
		};
		36A718F71D5B0A1B00DC35F5 /* Release */ = {
			isa = XCBuildConfiguration;
			buildSettings = {
				APPLICATION_EXTENSION_API_ONLY = YES;
				COMBINE_HIDPI_IMAGES = YES;
				DEFINES_MODULE = YES;
				DYLIB_COMPATIBILITY_VERSION = 1;
				DYLIB_CURRENT_VERSION = 1;
				DYLIB_INSTALL_NAME_BASE = "@rpath";
				FRAMEWORK_VERSION = A;
				INFOPLIST_FILE = "lwip-macOS/Info.plist";
				INSTALL_PATH = "$(LOCAL_LIBRARY_DIR)/Frameworks";
				LD_RUNPATH_SEARCH_PATHS = "$(inherited) @executable_path/../Frameworks @loader_path/Frameworks";
				MACOSX_DEPLOYMENT_TARGET = 10.10;
				PRODUCT_BUNDLE_IDENTIFIER = me.zhuhaow.osx.lwip;
				PRODUCT_NAME = lwip;
				SKIP_INSTALL = YES;
				SWIFT_VERSION = 3.0;
				USER_HEADER_SEARCH_PATHS = "$(SRCROOT)/lwip/**";
			};
			name = Release;
		};
		36A719051D5B0AC100DC35F5 /* Debug */ = {
			isa = XCBuildConfiguration;
			buildSettings = {
				APPLICATION_EXTENSION_API_ONLY = YES;
				"CODE_SIGN_IDENTITY[sdk=iphoneos*]" = "";
				DEFINES_MODULE = YES;
				DYLIB_COMPATIBILITY_VERSION = 1;
				DYLIB_CURRENT_VERSION = 1;
				DYLIB_INSTALL_NAME_BASE = "@rpath";
				INFOPLIST_FILE = "lwip-iOS/Info.plist";
				INSTALL_PATH = "$(LOCAL_LIBRARY_DIR)/Frameworks";
				IPHONEOS_DEPLOYMENT_TARGET = 9.0;
				LD_RUNPATH_SEARCH_PATHS = "$(inherited) @executable_path/Frameworks @loader_path/Frameworks";
				PRODUCT_BUNDLE_IDENTIFIER = me.zhuhaow.ios.lwip;
				PRODUCT_NAME = lwip;
				SDKROOT = iphoneos;
				SKIP_INSTALL = YES;
				SWIFT_VERSION = 3.0;
				TARGETED_DEVICE_FAMILY = "1,2";
				USER_HEADER_SEARCH_PATHS = "$(SRCROOT)/lwip/**";
			};
			name = Debug;
		};
		36A719061D5B0AC100DC35F5 /* Release */ = {
			isa = XCBuildConfiguration;
			buildSettings = {
				APPLICATION_EXTENSION_API_ONLY = YES;
				"CODE_SIGN_IDENTITY[sdk=iphoneos*]" = "";
				DEFINES_MODULE = YES;
				DYLIB_COMPATIBILITY_VERSION = 1;
				DYLIB_CURRENT_VERSION = 1;
				DYLIB_INSTALL_NAME_BASE = "@rpath";
				INFOPLIST_FILE = "lwip-iOS/Info.plist";
				INSTALL_PATH = "$(LOCAL_LIBRARY_DIR)/Frameworks";
				IPHONEOS_DEPLOYMENT_TARGET = 9.0;
				LD_RUNPATH_SEARCH_PATHS = "$(inherited) @executable_path/Frameworks @loader_path/Frameworks";
				PRODUCT_BUNDLE_IDENTIFIER = me.zhuhaow.ios.lwip;
				PRODUCT_NAME = lwip;
				SDKROOT = iphoneos;
				SKIP_INSTALL = YES;
				SWIFT_VERSION = 3.0;
				TARGETED_DEVICE_FAMILY = "1,2";
				USER_HEADER_SEARCH_PATHS = "$(SRCROOT)/lwip/**";
				VALIDATE_PRODUCT = YES;
			};
			name = Release;
		};
		36C48CA81CF8701A0071804F /* Debug */ = {
			isa = XCBuildConfiguration;
			buildSettings = {
				APPLICATION_EXTENSION_API_ONLY = YES;
				CODE_SIGN_IDENTITY = "";
				"CODE_SIGN_IDENTITY[sdk=iphoneos*]" = "";
				DEFINES_MODULE = YES;
				DYLIB_COMPATIBILITY_VERSION = 1;
				DYLIB_CURRENT_VERSION = 1;
				DYLIB_INSTALL_NAME_BASE = "@rpath";
				INFOPLIST_FILE = "tun2socks-iOS/Info.plist";
				INSTALL_PATH = "$(LOCAL_LIBRARY_DIR)/Frameworks";
				IPHONEOS_DEPLOYMENT_TARGET = 9.0;
				LD_RUNPATH_SEARCH_PATHS = "$(inherited) @executable_path/Frameworks @loader_path/Frameworks";
				PRODUCT_BUNDLE_IDENTIFIER = me.zhuhaow.ios.tun2socks;
				PRODUCT_NAME = "$(PROJECT_NAME)";
				SDKROOT = iphoneos;
				SKIP_INSTALL = YES;
				SWIFT_VERSION = 3.0;
				TARGETED_DEVICE_FAMILY = "1,2";
			};
			name = Debug;
		};
		36C48CA91CF8701A0071804F /* Release */ = {
			isa = XCBuildConfiguration;
			buildSettings = {
				APPLICATION_EXTENSION_API_ONLY = YES;
				CODE_SIGN_IDENTITY = "";
				"CODE_SIGN_IDENTITY[sdk=iphoneos*]" = "";
				DEFINES_MODULE = YES;
				DYLIB_COMPATIBILITY_VERSION = 1;
				DYLIB_CURRENT_VERSION = 1;
				DYLIB_INSTALL_NAME_BASE = "@rpath";
				INFOPLIST_FILE = "tun2socks-iOS/Info.plist";
				INSTALL_PATH = "$(LOCAL_LIBRARY_DIR)/Frameworks";
				IPHONEOS_DEPLOYMENT_TARGET = 9.0;
				LD_RUNPATH_SEARCH_PATHS = "$(inherited) @executable_path/Frameworks @loader_path/Frameworks";
				PRODUCT_BUNDLE_IDENTIFIER = me.zhuhaow.ios.tun2socks;
				PRODUCT_NAME = "$(PROJECT_NAME)";
				SDKROOT = iphoneos;
				SKIP_INSTALL = YES;
				SWIFT_VERSION = 3.0;
				TARGETED_DEVICE_FAMILY = "1,2";
				VALIDATE_PRODUCT = YES;
			};
			name = Release;
		};
/* End XCBuildConfiguration section */

/* Begin XCConfigurationList section */
		3642C9F81CEDCC60001E0AAF /* Build configuration list for PBXProject "tun2socks" */ = {
			isa = XCConfigurationList;
			buildConfigurations = (
				3642CA041CEDCC60001E0AAF /* Debug */,
				3642CA051CEDCC60001E0AAF /* Release */,
			);
			defaultConfigurationIsVisible = 0;
			defaultConfigurationName = Release;
		};
		3642CA061CEDCC60001E0AAF /* Build configuration list for PBXNativeTarget "tun2socks-macOS" */ = {
			isa = XCConfigurationList;
			buildConfigurations = (
				3642CA071CEDCC60001E0AAF /* Debug */,
				3642CA081CEDCC60001E0AAF /* Release */,
			);
			defaultConfigurationIsVisible = 0;
			defaultConfigurationName = Release;
		};
		36A718F81D5B0A1B00DC35F5 /* Build configuration list for PBXNativeTarget "lwip-macOS" */ = {
			isa = XCConfigurationList;
			buildConfigurations = (
				36A718F61D5B0A1B00DC35F5 /* Debug */,
				36A718F71D5B0A1B00DC35F5 /* Release */,
			);
			defaultConfigurationIsVisible = 0;
			defaultConfigurationName = Release;
		};
		36A719041D5B0AC100DC35F5 /* Build configuration list for PBXNativeTarget "lwip-iOS" */ = {
			isa = XCConfigurationList;
			buildConfigurations = (
				36A719051D5B0AC100DC35F5 /* Debug */,
				36A719061D5B0AC100DC35F5 /* Release */,
			);
			defaultConfigurationIsVisible = 0;
			defaultConfigurationName = Release;
		};
		36C48CA71CF8701A0071804F /* Build configuration list for PBXNativeTarget "tun2socks-iOS" */ = {
			isa = XCConfigurationList;
			buildConfigurations = (
				36C48CA81CF8701A0071804F /* Debug */,
				36C48CA91CF8701A0071804F /* Release */,
			);
			defaultConfigurationIsVisible = 0;
			defaultConfigurationName = Release;
		};
/* End XCConfigurationList section */
	};
	rootObject = 3642C9F51CEDCC60001E0AAF /* Project object */;
}
